
Microsoft Visual Studio Solution File, Format Version 12.00
# Visual Studio Version 16
VisualStudioVersion = 16.0.29613.14
MinimumVisualStudioVersion = 10.0.40219.1
Project("{FAE04EC0-301F-11D3-BF4B-00C04F79EFBC}") = "TestApps", "TestApps\TestApps.csproj", "{8C1966D9-0EBD-421B-B8FE-70A75812CB49}"
EndProject
Global
	GlobalSection(SolutionConfigurationPlatforms) = preSolution
		Debug|Any CPU = Debug|Any CPU
		Release|Any CPU = Release|Any CPU
	EndGlobalSection
	GlobalSection(ProjectConfigurationPlatforms) = postSolution
		{8C1966D9-0EBD-421B-B8FE-70A75812CB49}.Debug|Any CPU.ActiveCfg = Debug|Any CPU
		{8C1966D9-0EBD-421B-B8FE-70A75812CB49}.Debug|Any CPU.Build.0 = Debug|Any CPU
		{8C1966D9-0EBD-421B-B8FE-70A75812CB49}.Release|Any CPU.ActiveCfg = Release|Any CPU
		{8C1966D9-0EBD-421B-B8FE-70A75812CB49}.Release|Any CPU.Build.0 = Release|Any CPU
	EndGlobalSection
	GlobalSection(SolutionProperties) = preSolution
		HideSolutionNode = FALSE
	EndGlobalSection
	GlobalSection(ExtensibilityGlobals) = postSolution
		SolutionGuid = {8FE018DD-AAE6-4812-BA0F-5BA40E6636B2}
	EndGlobalSection
EndGlobal
