
Microsoft Visual Studio Solution File, Format Version 12.00
# Visual Studio Version 16
VisualStudioVersion = 16.0.30406.217
MinimumVisualStudioVersion = 10.0.40219.1
Project("{FAE04EC0-301F-11D3-BF4B-00C04F79EFBC}") = "TestAddon", "AssemblyRedirectTests\TestAddon.csproj", "{3AA12FF0-C500-45CA-9D02-1284F98F179B}"
EndProject
Project("{FAE04EC0-301F-11D3-BF4B-00C04F79EFBC}") = "TestReference", "TestReference\TestReference.csproj", "{511C88A4-FFC8-4393-8BDD-5629C11B2EF6}"
EndProject
Global
	GlobalSection(SolutionConfigurationPlatforms) = preSolution
		Debug|Any CPU = Debug|Any CPU
		Release|Any CPU = Release|Any CPU
	EndGlobalSection
	GlobalSection(ProjectConfigurationPlatforms) = postSolution
		{3AA12FF0-C500-45CA-9D02-1284F98F179B}.Debug|Any CPU.ActiveCfg = Debug|Any CPU
		{3AA12FF0-C500-45CA-9D02-1284F98F179B}.Debug|Any CPU.Build.0 = Debug|Any CPU
		{3AA12FF0-C500-45CA-9D02-1284F98F179B}.Release|Any CPU.ActiveCfg = Release|Any CPU
		{3AA12FF0-C500-45CA-9D02-1284F98F179B}.Release|Any CPU.Build.0 = Release|Any CPU
		{511C88A4-FFC8-4393-8BDD-5629C11B2EF6}.Debug|Any CPU.ActiveCfg = Debug|Any CPU
		{511C88A4-FFC8-4393-8BDD-5629C11B2EF6}.Debug|Any CPU.Build.0 = Debug|Any CPU
		{511C88A4-FFC8-4393-8BDD-5629C11B2EF6}.Release|Any CPU.ActiveCfg = Release|Any CPU
		{511C88A4-FFC8-4393-8BDD-5629C11B2EF6}.Release|Any CPU.Build.0 = Release|Any CPU
	EndGlobalSection
	GlobalSection(SolutionProperties) = preSolution
		HideSolutionNode = FALSE
	EndGlobalSection
	GlobalSection(ExtensibilityGlobals) = postSolution
		SolutionGuid = {B8C229EB-D7D7-4CB9-A4B2-D086820D5A4C}
	EndGlobalSection
EndGlobal
