Microsoft Visual Studio Solution File, Format Version 12.00
# Visual Studio Version 16
VisualStudioVersion = 16.0.29613.14
MinimumVisualStudioVersion = 10.0.40219.1
Project("{2150E333-8FDC-42A3-9474-1A3956D46DE8}") = "Solution Items", "Solution Items", "{00272301-E2B1-4F5A-841E-A7718F0029ED}"
	ProjectSection(SolutionItems) = preProject
		ccCoreDotnet.vsmdi = ccCoreDotnet.vsmdi
		DeadCode.ruleset = DeadCode.ruleset
		Local.testsettings = Local.testsettings
		TraceAndTestImpact.testsettings = TraceAndTestImpact.testsettings
	EndProjectSection
EndProject
Project("{930C7802-8A8C-48F9-8165-68863BCCD9DD}") = "CLI.Installer", "CLI.Installer\CLI.Installer.wixproj", "{68E66BCF-A2F7-4F33-A8F9-E0F22AC941BF}"
EndProject
Global
	GlobalSection(SolutionConfigurationPlatforms) = preSolution
		Debug|Any CPU = Debug|Any CPU
		Debug|Mixed Platforms = Debug|Mixed Platforms
		Debug|x64 = Debug|x64
		Debug|x86 = Debug|x86
		Debug-DevApp|Any CPU = Debug-DevApp|Any CPU
		Debug-DevApp|Mixed Platforms = Debug-DevApp|Mixed Platforms
		Debug-DevApp|x64 = Debug-DevApp|x64
		Debug-DevApp|x86 = Debug-DevApp|x86
		Debug-StagingDefaultApp|Any CPU = Debug-StagingDefaultApp|Any CPU
		Debug-StagingDefaultApp|Mixed Platforms = Debug-StagingDefaultApp|Mixed Platforms
		Debug-StagingDefaultApp|x64 = Debug-StagingDefaultApp|x64
		Debug-StagingDefaultApp|x86 = Debug-StagingDefaultApp|x86
		DevDefaultApp|Any CPU = DevDefaultApp|Any CPU
		DevDefaultApp|Mixed Platforms = DevDefaultApp|Mixed Platforms
		DevDefaultApp|x64 = DevDefaultApp|x64
		DevDefaultApp|x86 = DevDefaultApp|x86
		Release|Any CPU = Release|Any CPU
		Release|Mixed Platforms = Release|Mixed Platforms
		Release|x64 = Release|x64
		Release|x86 = Release|x86
		StagingDefaultApp|Any CPU = StagingDefaultApp|Any CPU
		StagingDefaultApp|Mixed Platforms = StagingDefaultApp|Mixed Platforms
		StagingDefaultApp|x64 = StagingDefaultApp|x64
		StagingDefaultApp|x86 = StagingDefaultApp|x86
	EndGlobalSection
	GlobalSection(ProjectConfigurationPlatforms) = postSolution
		{68E66BCF-A2F7-4F33-A8F9-E0F22AC941BF}.Debug|Any CPU.ActiveCfg = Debug|x86
		{68E66BCF-A2F7-4F33-A8F9-E0F22AC941BF}.Debug|Mixed Platforms.ActiveCfg = Debug|x86
		{68E66BCF-A2F7-4F33-A8F9-E0F22AC941BF}.Debug|x64.ActiveCfg = Debug|x86
		{68E66BCF-A2F7-4F33-A8F9-E0F22AC941BF}.Debug|x86.ActiveCfg = Debug|x86
		{68E66BCF-A2F7-4F33-A8F9-E0F22AC941BF}.Debug|x86.Build.0 = Debug|x86
		{68E66BCF-A2F7-4F33-A8F9-E0F22AC941BF}.Debug-DevApp|Any CPU.ActiveCfg = Release|x86
		{68E66BCF-A2F7-4F33-A8F9-E0F22AC941BF}.Debug-DevApp|Any CPU.Build.0 = Release|x86
		{68E66BCF-A2F7-4F33-A8F9-E0F22AC941BF}.Debug-DevApp|Mixed Platforms.ActiveCfg = Debug|x86
		{68E66BCF-A2F7-4F33-A8F9-E0F22AC941BF}.Debug-DevApp|Mixed Platforms.Build.0 = Debug|x86
		{68E66BCF-A2F7-4F33-A8F9-E0F22AC941BF}.Debug-DevApp|x64.ActiveCfg = Release|x86
		{68E66BCF-A2F7-4F33-A8F9-E0F22AC941BF}.Debug-DevApp|x64.Build.0 = Release|x86
		{68E66BCF-A2F7-4F33-A8F9-E0F22AC941BF}.Debug-DevApp|x86.ActiveCfg = Debug|x86
		{68E66BCF-A2F7-4F33-A8F9-E0F22AC941BF}.Debug-DevApp|x86.Build.0 = Debug|x86
		{68E66BCF-A2F7-4F33-A8F9-E0F22AC941BF}.Debug-StagingDefaultApp|Any CPU.ActiveCfg = Release|x86
		{68E66BCF-A2F7-4F33-A8F9-E0F22AC941BF}.Debug-StagingDefaultApp|Any CPU.Build.0 = Release|x86
		{68E66BCF-A2F7-4F33-A8F9-E0F22AC941BF}.Debug-StagingDefaultApp|Mixed Platforms.ActiveCfg = Debug|x86
		{68E66BCF-A2F7-4F33-A8F9-E0F22AC941BF}.Debug-StagingDefaultApp|Mixed Platforms.Build.0 = Debug|x86
		{68E66BCF-A2F7-4F33-A8F9-E0F22AC941BF}.Debug-StagingDefaultApp|x64.ActiveCfg = Release|x86
		{68E66BCF-A2F7-4F33-A8F9-E0F22AC941BF}.Debug-StagingDefaultApp|x64.Build.0 = Release|x86
		{68E66BCF-A2F7-4F33-A8F9-E0F22AC941BF}.Debug-StagingDefaultApp|x86.ActiveCfg = Debug|x86
		{68E66BCF-A2F7-4F33-A8F9-E0F22AC941BF}.Debug-StagingDefaultApp|x86.Build.0 = Debug|x86
		{68E66BCF-A2F7-4F33-A8F9-E0F22AC941BF}.DevDefaultApp|Any CPU.ActiveCfg = Release|x86
		{68E66BCF-A2F7-4F33-A8F9-E0F22AC941BF}.DevDefaultApp|Any CPU.Build.0 = Release|x86
		{68E66BCF-A2F7-4F33-A8F9-E0F22AC941BF}.DevDefaultApp|Mixed Platforms.ActiveCfg = Debug|x86
		{68E66BCF-A2F7-4F33-A8F9-E0F22AC941BF}.DevDefaultApp|Mixed Platforms.Build.0 = Debug|x86
		{68E66BCF-A2F7-4F33-A8F9-E0F22AC941BF}.DevDefaultApp|x64.ActiveCfg = Release|x86
		{68E66BCF-A2F7-4F33-A8F9-E0F22AC941BF}.DevDefaultApp|x64.Build.0 = Release|x86
		{68E66BCF-A2F7-4F33-A8F9-E0F22AC941BF}.DevDefaultApp|x86.ActiveCfg = Debug|x86
		{68E66BCF-A2F7-4F33-A8F9-E0F22AC941BF}.DevDefaultApp|x86.Build.0 = Debug|x86
		{68E66BCF-A2F7-4F33-A8F9-E0F22AC941BF}.Release|Any CPU.ActiveCfg = Release|x86
		{68E66BCF-A2F7-4F33-A8F9-E0F22AC941BF}.Release|Mixed Platforms.ActiveCfg = Release|x86
		{68E66BCF-A2F7-4F33-A8F9-E0F22AC941BF}.Release|Mixed Platforms.Build.0 = Release|x86
		{68E66BCF-A2F7-4F33-A8F9-E0F22AC941BF}.Release|x64.ActiveCfg = Release|x86
		{68E66BCF-A2F7-4F33-A8F9-E0F22AC941BF}.Release|x86.ActiveCfg = Release|x86
		{68E66BCF-A2F7-4F33-A8F9-E0F22AC941BF}.Release|x86.Build.0 = Release|x86
		{68E66BCF-A2F7-4F33-A8F9-E0F22AC941BF}.StagingDefaultApp|Any CPU.ActiveCfg = Release|x86
		{68E66BCF-A2F7-4F33-A8F9-E0F22AC941BF}.StagingDefaultApp|Any CPU.Build.0 = Release|x86
		{68E66BCF-A2F7-4F33-A8F9-E0F22AC941BF}.StagingDefaultApp|Mixed Platforms.ActiveCfg = Release|x86
		{68E66BCF-A2F7-4F33-A8F9-E0F22AC941BF}.StagingDefaultApp|Mixed Platforms.Build.0 = Release|x86
		{68E66BCF-A2F7-4F33-A8F9-E0F22AC941BF}.StagingDefaultApp|x64.ActiveCfg = Release|x86
		{68E66BCF-A2F7-4F33-A8F9-E0F22AC941BF}.StagingDefaultApp|x64.Build.0 = Release|x86
		{68E66BCF-A2F7-4F33-A8F9-E0F22AC941BF}.StagingDefaultApp|x86.ActiveCfg = Release|x86
		{68E66BCF-A2F7-4F33-A8F9-E0F22AC941BF}.StagingDefaultApp|x86.Build.0 = Release|x86
	EndGlobalSection
	GlobalSection(SolutionProperties) = preSolution
		HideSolutionNode = FALSE
	EndGlobalSection
	GlobalSection(ExtensibilityGlobals) = postSolution
		SolutionGuid = {CFDBC334-7DCF-4555-A1D9-B45FE0E7DEA6}
	EndGlobalSection
	GlobalSection(TestCaseManagementSettings) = postSolution
		CategoryFile = ccCoreDotnet.vsmdi
	EndGlobalSection
EndGlobal
