Microsoft Visual Studio Solution File, Format Version 12.00
# Visual Studio 14
VisualStudioVersion = 14.0.25420.1
MinimumVisualStudioVersion = 10.0.40219.1
Project("{F184B08F-C81C-45F6-A57F-5ABD9991F28F}") = "clibCoreVb", "clibCoreVb\clibCoreVb.vbproj", "{9814C7BD-200C-4C57-859D-5D81899A3421}"
EndProject
Project("{FAE04EC0-301F-11D3-BF4B-00C04F79EFBC}") = "webClientExt", "webClientExt\webClientExt.csproj", "{41DC21C3-5FA4-43DD-9EEB-DA8964E5CD66}"
EndProject
Project("{2150E333-8FDC-42A3-9474-1A3956D46DE8}") = "Solution Items", "Solution Items", "{00272301-E2B1-4F5A-841E-A7718F0029ED}"
	ProjectSection(SolutionItems) = preProject
		ccCoreDotnet.vsmdi = ccCoreDotnet.vsmdi
		DeadCode.ruleset = DeadCode.ruleset
		Local.testsettings = Local.testsettings
		TraceAndTestImpact.testsettings = TraceAndTestImpact.testsettings
	EndProjectSection
EndProject
Project("{F184B08F-C81C-45F6-A57F-5ABD9991F28F}") = "clibService", "clibService\clibService.vbproj", "{11A00FD7-5DAF-46CA-A8DF-7C8426AC4226}"
EndProject
Project("{F184B08F-C81C-45F6-A57F-5ABD9991F28F}") = "monitor", "legacyMonitor\monitor.vbproj", "{45AB15C4-00B1-46D6-9C5B-650A0551CE95}"
EndProject
Project("{FAE04EC0-301F-11D3-BF4B-00C04F79EFBC}") = "clib", "clib\clib.csproj", "{744280CA-E8A3-4B6A-BA3F-2BF638433F65}"
EndProject
Project("{F184B08F-C81C-45F6-A57F-5ABD9991F28F}") = "iisDefaultSite", "iisDefaultSite\iisDefaultSite.vbproj", "{9DB3DACD-45E8-496B-96DA-F939ABE7DB34}"
EndProject
Project("{FAE04EC0-301F-11D3-BF4B-00C04F79EFBC}") = "integrationTests", "integrationTests\integrationTests.csproj", "{A5AC1D36-6D5A-41F3-9F9E-6A7CFBAE554F}"
EndProject
Project("{54435603-DBB4-11D2-8724-00A0C9A8B90C}") = "Setup3", "Setup3\Setup3.vdproj", "{6D74F50C-EECA-4B40-B1E0-22DE9736F3BA}"
EndProject
Project("{FAE04EC0-301F-11D3-BF4B-00C04F79EFBC}") = "CPBaseCs", "cpBaseCs\CPBaseCs.csproj", "{0619E0E6-1565-47E7-B8FE-F8BD1C8EB48B}"
EndProject
Project("{FAE04EC0-301F-11D3-BF4B-00C04F79EFBC}") = "clibCoreCs", "clibCoreCs\clibCoreCs.csproj", "{46657D07-74BC-4DDC-8FDD-9078EB1A1CD2}"
EndProject
Project("{F184B08F-C81C-45F6-A57F-5ABD9991F28F}") = "CPBaseVb", "cpBaseVb\CPBaseVb.vbproj", "{E873F18E-47EF-46A9-AEA1-5A8B0F8BEB01}"
EndProject
Project("{FAE04EC0-301F-11D3-BF4B-00C04F79EFBC}") = "clibCore.unitTests", "clibCoreUnitTests\clibCore.unitTests.csproj", "{36E017D4-C4EB-4C0E-8E2B-1F97150B07D9}"
EndProject
Global
	GlobalSection(SolutionConfigurationPlatforms) = preSolution
		Debug|Any CPU = Debug|Any CPU
		Debug|Mixed Platforms = Debug|Mixed Platforms
		Debug|x64 = Debug|x64
		Debug|x86 = Debug|x86
		Debug-DevApp|Any CPU = Debug-DevApp|Any CPU
		Debug-DevApp|Mixed Platforms = Debug-DevApp|Mixed Platforms
		Debug-DevApp|x64 = Debug-DevApp|x64
		Debug-DevApp|x86 = Debug-DevApp|x86
		Debug-StagingDefaultApp|Any CPU = Debug-StagingDefaultApp|Any CPU
		Debug-StagingDefaultApp|Mixed Platforms = Debug-StagingDefaultApp|Mixed Platforms
		Debug-StagingDefaultApp|x64 = Debug-StagingDefaultApp|x64
		Debug-StagingDefaultApp|x86 = Debug-StagingDefaultApp|x86
		DevDefaultApp|Any CPU = DevDefaultApp|Any CPU
		DevDefaultApp|Mixed Platforms = DevDefaultApp|Mixed Platforms
		DevDefaultApp|x64 = DevDefaultApp|x64
		DevDefaultApp|x86 = DevDefaultApp|x86
		Release|Any CPU = Release|Any CPU
		Release|Mixed Platforms = Release|Mixed Platforms
		Release|x64 = Release|x64
		Release|x86 = Release|x86
		StagingDefaultApp|Any CPU = StagingDefaultApp|Any CPU
		StagingDefaultApp|Mixed Platforms = StagingDefaultApp|Mixed Platforms
		StagingDefaultApp|x64 = StagingDefaultApp|x64
		StagingDefaultApp|x86 = StagingDefaultApp|x86
	EndGlobalSection
	GlobalSection(ProjectConfigurationPlatforms) = postSolution
		{9814C7BD-200C-4C57-859D-5D81899A3421}.Debug|Any CPU.ActiveCfg = Debug|Any CPU
		{9814C7BD-200C-4C57-859D-5D81899A3421}.Debug|Any CPU.Build.0 = Debug|Any CPU
		{9814C7BD-200C-4C57-859D-5D81899A3421}.Debug|Mixed Platforms.ActiveCfg = Debug|Any CPU
		{9814C7BD-200C-4C57-859D-5D81899A3421}.Debug|Mixed Platforms.Build.0 = Debug|Any CPU
		{9814C7BD-200C-4C57-859D-5D81899A3421}.Debug|x64.ActiveCfg = Debug|x64
		{9814C7BD-200C-4C57-859D-5D81899A3421}.Debug|x64.Build.0 = Debug|x64
		{9814C7BD-200C-4C57-859D-5D81899A3421}.Debug|x86.ActiveCfg = Debug|x86
		{9814C7BD-200C-4C57-859D-5D81899A3421}.Debug|x86.Build.0 = Debug|x86
		{9814C7BD-200C-4C57-859D-5D81899A3421}.Debug-DevApp|Any CPU.ActiveCfg = Debug-DevApp|Any CPU
		{9814C7BD-200C-4C57-859D-5D81899A3421}.Debug-DevApp|Any CPU.Build.0 = Debug-DevApp|Any CPU
		{9814C7BD-200C-4C57-859D-5D81899A3421}.Debug-DevApp|Mixed Platforms.ActiveCfg = Debug-DevApp|x86
		{9814C7BD-200C-4C57-859D-5D81899A3421}.Debug-DevApp|Mixed Platforms.Build.0 = Debug-DevApp|x86
		{9814C7BD-200C-4C57-859D-5D81899A3421}.Debug-DevApp|x64.ActiveCfg = Debug-DevApp|x64
		{9814C7BD-200C-4C57-859D-5D81899A3421}.Debug-DevApp|x64.Build.0 = Debug-DevApp|x64
		{9814C7BD-200C-4C57-859D-5D81899A3421}.Debug-DevApp|x86.ActiveCfg = Debug-DevApp|x86
		{9814C7BD-200C-4C57-859D-5D81899A3421}.Debug-DevApp|x86.Build.0 = Debug-DevApp|x86
		{9814C7BD-200C-4C57-859D-5D81899A3421}.Debug-StagingDefaultApp|Any CPU.ActiveCfg = Debug-StagingDefaultApp|Any CPU
		{9814C7BD-200C-4C57-859D-5D81899A3421}.Debug-StagingDefaultApp|Any CPU.Build.0 = Debug-StagingDefaultApp|Any CPU
		{9814C7BD-200C-4C57-859D-5D81899A3421}.Debug-StagingDefaultApp|Mixed Platforms.ActiveCfg = Debug-StagingDefaultApp|x86
		{9814C7BD-200C-4C57-859D-5D81899A3421}.Debug-StagingDefaultApp|Mixed Platforms.Build.0 = Debug-StagingDefaultApp|x86
		{9814C7BD-200C-4C57-859D-5D81899A3421}.Debug-StagingDefaultApp|x64.ActiveCfg = Debug-StagingDefaultApp|x64
		{9814C7BD-200C-4C57-859D-5D81899A3421}.Debug-StagingDefaultApp|x64.Build.0 = Debug-StagingDefaultApp|x64
		{9814C7BD-200C-4C57-859D-5D81899A3421}.Debug-StagingDefaultApp|x86.ActiveCfg = Debug-StagingDefaultApp|x86
		{9814C7BD-200C-4C57-859D-5D81899A3421}.Debug-StagingDefaultApp|x86.Build.0 = Debug-StagingDefaultApp|x86
		{9814C7BD-200C-4C57-859D-5D81899A3421}.DevDefaultApp|Any CPU.ActiveCfg = DevDefaultApp|Any CPU
		{9814C7BD-200C-4C57-859D-5D81899A3421}.DevDefaultApp|Any CPU.Build.0 = DevDefaultApp|Any CPU
		{9814C7BD-200C-4C57-859D-5D81899A3421}.DevDefaultApp|Mixed Platforms.ActiveCfg = DevDefaultApp|x86
		{9814C7BD-200C-4C57-859D-5D81899A3421}.DevDefaultApp|Mixed Platforms.Build.0 = DevDefaultApp|x86
		{9814C7BD-200C-4C57-859D-5D81899A3421}.DevDefaultApp|x64.ActiveCfg = DevDefaultApp|x64
		{9814C7BD-200C-4C57-859D-5D81899A3421}.DevDefaultApp|x64.Build.0 = DevDefaultApp|x64
		{9814C7BD-200C-4C57-859D-5D81899A3421}.DevDefaultApp|x86.ActiveCfg = DevDefaultApp|x86
		{9814C7BD-200C-4C57-859D-5D81899A3421}.DevDefaultApp|x86.Build.0 = DevDefaultApp|x86
		{9814C7BD-200C-4C57-859D-5D81899A3421}.Release|Any CPU.ActiveCfg = Release|Any CPU
		{9814C7BD-200C-4C57-859D-5D81899A3421}.Release|Any CPU.Build.0 = Release|Any CPU
		{9814C7BD-200C-4C57-859D-5D81899A3421}.Release|Mixed Platforms.ActiveCfg = Release|x86
		{9814C7BD-200C-4C57-859D-5D81899A3421}.Release|Mixed Platforms.Build.0 = Release|x86
		{9814C7BD-200C-4C57-859D-5D81899A3421}.Release|x64.ActiveCfg = Release|x86
		{9814C7BD-200C-4C57-859D-5D81899A3421}.Release|x86.ActiveCfg = Release|x86
		{9814C7BD-200C-4C57-859D-5D81899A3421}.Release|x86.Build.0 = Release|x86
		{9814C7BD-200C-4C57-859D-5D81899A3421}.StagingDefaultApp|Any CPU.ActiveCfg = StagingDefaultApp|Any CPU
		{9814C7BD-200C-4C57-859D-5D81899A3421}.StagingDefaultApp|Any CPU.Build.0 = StagingDefaultApp|Any CPU
		{9814C7BD-200C-4C57-859D-5D81899A3421}.StagingDefaultApp|Mixed Platforms.ActiveCfg = StagingDefaultApp|x86
		{9814C7BD-200C-4C57-859D-5D81899A3421}.StagingDefaultApp|Mixed Platforms.Build.0 = StagingDefaultApp|x86
		{9814C7BD-200C-4C57-859D-5D81899A3421}.StagingDefaultApp|x64.ActiveCfg = StagingDefaultApp|x64
		{9814C7BD-200C-4C57-859D-5D81899A3421}.StagingDefaultApp|x64.Build.0 = StagingDefaultApp|x64
		{9814C7BD-200C-4C57-859D-5D81899A3421}.StagingDefaultApp|x86.ActiveCfg = StagingDefaultApp|x86
		{9814C7BD-200C-4C57-859D-5D81899A3421}.StagingDefaultApp|x86.Build.0 = StagingDefaultApp|x86
		{41DC21C3-5FA4-43DD-9EEB-DA8964E5CD66}.Debug|Any CPU.ActiveCfg = Debug|Any CPU
		{41DC21C3-5FA4-43DD-9EEB-DA8964E5CD66}.Debug|Any CPU.Build.0 = Debug|Any CPU
		{41DC21C3-5FA4-43DD-9EEB-DA8964E5CD66}.Debug|Mixed Platforms.ActiveCfg = Debug|Any CPU
		{41DC21C3-5FA4-43DD-9EEB-DA8964E5CD66}.Debug|Mixed Platforms.Build.0 = Debug|Any CPU
		{41DC21C3-5FA4-43DD-9EEB-DA8964E5CD66}.Debug|x64.ActiveCfg = Debug|x64
		{41DC21C3-5FA4-43DD-9EEB-DA8964E5CD66}.Debug|x64.Build.0 = Debug|x64
		{41DC21C3-5FA4-43DD-9EEB-DA8964E5CD66}.Debug|x86.ActiveCfg = Debug|x86
		{41DC21C3-5FA4-43DD-9EEB-DA8964E5CD66}.Debug|x86.Build.0 = Debug|x86
		{41DC21C3-5FA4-43DD-9EEB-DA8964E5CD66}.Debug-DevApp|Any CPU.ActiveCfg = Debug-DevApp|Any CPU
		{41DC21C3-5FA4-43DD-9EEB-DA8964E5CD66}.Debug-DevApp|Any CPU.Build.0 = Debug-DevApp|Any CPU
		{41DC21C3-5FA4-43DD-9EEB-DA8964E5CD66}.Debug-DevApp|Mixed Platforms.ActiveCfg = Debug-DevApp|x86
		{41DC21C3-5FA4-43DD-9EEB-DA8964E5CD66}.Debug-DevApp|Mixed Platforms.Build.0 = Debug-DevApp|x86
		{41DC21C3-5FA4-43DD-9EEB-DA8964E5CD66}.Debug-DevApp|x64.ActiveCfg = Debug-DevApp|x64
		{41DC21C3-5FA4-43DD-9EEB-DA8964E5CD66}.Debug-DevApp|x64.Build.0 = Debug-DevApp|x64
		{41DC21C3-5FA4-43DD-9EEB-DA8964E5CD66}.Debug-DevApp|x86.ActiveCfg = Debug-DevApp|x86
		{41DC21C3-5FA4-43DD-9EEB-DA8964E5CD66}.Debug-DevApp|x86.Build.0 = Debug-DevApp|x86
		{41DC21C3-5FA4-43DD-9EEB-DA8964E5CD66}.Debug-StagingDefaultApp|Any CPU.ActiveCfg = Debug-StagingDefaultApp|Any CPU
		{41DC21C3-5FA4-43DD-9EEB-DA8964E5CD66}.Debug-StagingDefaultApp|Any CPU.Build.0 = Debug-StagingDefaultApp|Any CPU
		{41DC21C3-5FA4-43DD-9EEB-DA8964E5CD66}.Debug-StagingDefaultApp|Mixed Platforms.ActiveCfg = Debug-StagingDefaultApp|x86
		{41DC21C3-5FA4-43DD-9EEB-DA8964E5CD66}.Debug-StagingDefaultApp|Mixed Platforms.Build.0 = Debug-StagingDefaultApp|x86
		{41DC21C3-5FA4-43DD-9EEB-DA8964E5CD66}.Debug-StagingDefaultApp|x64.ActiveCfg = Debug-StagingDefaultApp|x64
		{41DC21C3-5FA4-43DD-9EEB-DA8964E5CD66}.Debug-StagingDefaultApp|x64.Build.0 = Debug-StagingDefaultApp|x64
		{41DC21C3-5FA4-43DD-9EEB-DA8964E5CD66}.Debug-StagingDefaultApp|x86.ActiveCfg = Debug-StagingDefaultApp|x86
		{41DC21C3-5FA4-43DD-9EEB-DA8964E5CD66}.Debug-StagingDefaultApp|x86.Build.0 = Debug-StagingDefaultApp|x86
		{41DC21C3-5FA4-43DD-9EEB-DA8964E5CD66}.DevDefaultApp|Any CPU.ActiveCfg = DevDefaultApp|Any CPU
		{41DC21C3-5FA4-43DD-9EEB-DA8964E5CD66}.DevDefaultApp|Any CPU.Build.0 = DevDefaultApp|Any CPU
		{41DC21C3-5FA4-43DD-9EEB-DA8964E5CD66}.DevDefaultApp|Mixed Platforms.ActiveCfg = DevDefaultApp|x86
		{41DC21C3-5FA4-43DD-9EEB-DA8964E5CD66}.DevDefaultApp|Mixed Platforms.Build.0 = DevDefaultApp|x86
		{41DC21C3-5FA4-43DD-9EEB-DA8964E5CD66}.DevDefaultApp|x64.ActiveCfg = DevDefaultApp|x64
		{41DC21C3-5FA4-43DD-9EEB-DA8964E5CD66}.DevDefaultApp|x64.Build.0 = DevDefaultApp|x64
		{41DC21C3-5FA4-43DD-9EEB-DA8964E5CD66}.DevDefaultApp|x86.ActiveCfg = DevDefaultApp|x86
		{41DC21C3-5FA4-43DD-9EEB-DA8964E5CD66}.DevDefaultApp|x86.Build.0 = DevDefaultApp|x86
		{41DC21C3-5FA4-43DD-9EEB-DA8964E5CD66}.Release|Any CPU.ActiveCfg = Release|Any CPU
		{41DC21C3-5FA4-43DD-9EEB-DA8964E5CD66}.Release|Any CPU.Build.0 = Release|Any CPU
		{41DC21C3-5FA4-43DD-9EEB-DA8964E5CD66}.Release|Mixed Platforms.ActiveCfg = Release|x86
		{41DC21C3-5FA4-43DD-9EEB-DA8964E5CD66}.Release|Mixed Platforms.Build.0 = Release|x86
		{41DC21C3-5FA4-43DD-9EEB-DA8964E5CD66}.Release|x64.ActiveCfg = Release|x86
		{41DC21C3-5FA4-43DD-9EEB-DA8964E5CD66}.Release|x86.ActiveCfg = Release|x86
		{41DC21C3-5FA4-43DD-9EEB-DA8964E5CD66}.Release|x86.Build.0 = Release|x86
		{41DC21C3-5FA4-43DD-9EEB-DA8964E5CD66}.StagingDefaultApp|Any CPU.ActiveCfg = StagingDefaultApp|Any CPU
		{41DC21C3-5FA4-43DD-9EEB-DA8964E5CD66}.StagingDefaultApp|Any CPU.Build.0 = StagingDefaultApp|Any CPU
		{41DC21C3-5FA4-43DD-9EEB-DA8964E5CD66}.StagingDefaultApp|Mixed Platforms.ActiveCfg = StagingDefaultApp|x86
		{41DC21C3-5FA4-43DD-9EEB-DA8964E5CD66}.StagingDefaultApp|Mixed Platforms.Build.0 = StagingDefaultApp|x86
		{41DC21C3-5FA4-43DD-9EEB-DA8964E5CD66}.StagingDefaultApp|x64.ActiveCfg = StagingDefaultApp|x64
		{41DC21C3-5FA4-43DD-9EEB-DA8964E5CD66}.StagingDefaultApp|x64.Build.0 = StagingDefaultApp|x64
		{41DC21C3-5FA4-43DD-9EEB-DA8964E5CD66}.StagingDefaultApp|x86.ActiveCfg = StagingDefaultApp|x86
		{41DC21C3-5FA4-43DD-9EEB-DA8964E5CD66}.StagingDefaultApp|x86.Build.0 = StagingDefaultApp|x86
		{11A00FD7-5DAF-46CA-A8DF-7C8426AC4226}.Debug|Any CPU.ActiveCfg = Debug|Any CPU
		{11A00FD7-5DAF-46CA-A8DF-7C8426AC4226}.Debug|Any CPU.Build.0 = Debug|Any CPU
		{11A00FD7-5DAF-46CA-A8DF-7C8426AC4226}.Debug|Mixed Platforms.ActiveCfg = Debug|Any CPU
		{11A00FD7-5DAF-46CA-A8DF-7C8426AC4226}.Debug|Mixed Platforms.Build.0 = Debug|Any CPU
		{11A00FD7-5DAF-46CA-A8DF-7C8426AC4226}.Debug|x64.ActiveCfg = Debug|x64
		{11A00FD7-5DAF-46CA-A8DF-7C8426AC4226}.Debug|x64.Build.0 = Debug|x64
		{11A00FD7-5DAF-46CA-A8DF-7C8426AC4226}.Debug|x86.ActiveCfg = Debug|x86
		{11A00FD7-5DAF-46CA-A8DF-7C8426AC4226}.Debug|x86.Build.0 = Debug|x86
		{11A00FD7-5DAF-46CA-A8DF-7C8426AC4226}.Debug-DevApp|Any CPU.ActiveCfg = Debug-DevApp|Any CPU
		{11A00FD7-5DAF-46CA-A8DF-7C8426AC4226}.Debug-DevApp|Any CPU.Build.0 = Debug-DevApp|Any CPU
		{11A00FD7-5DAF-46CA-A8DF-7C8426AC4226}.Debug-DevApp|Mixed Platforms.ActiveCfg = Debug-DevApp|x86
		{11A00FD7-5DAF-46CA-A8DF-7C8426AC4226}.Debug-DevApp|Mixed Platforms.Build.0 = Debug-DevApp|x86
		{11A00FD7-5DAF-46CA-A8DF-7C8426AC4226}.Debug-DevApp|x64.ActiveCfg = Debug-DevApp|x64
		{11A00FD7-5DAF-46CA-A8DF-7C8426AC4226}.Debug-DevApp|x64.Build.0 = Debug-DevApp|x64
		{11A00FD7-5DAF-46CA-A8DF-7C8426AC4226}.Debug-DevApp|x86.ActiveCfg = Debug-DevApp|x86
		{11A00FD7-5DAF-46CA-A8DF-7C8426AC4226}.Debug-DevApp|x86.Build.0 = Debug-DevApp|x86
		{11A00FD7-5DAF-46CA-A8DF-7C8426AC4226}.Debug-StagingDefaultApp|Any CPU.ActiveCfg = Debug-StagingDefaultApp|Any CPU
		{11A00FD7-5DAF-46CA-A8DF-7C8426AC4226}.Debug-StagingDefaultApp|Any CPU.Build.0 = Debug-StagingDefaultApp|Any CPU
		{11A00FD7-5DAF-46CA-A8DF-7C8426AC4226}.Debug-StagingDefaultApp|Mixed Platforms.ActiveCfg = Debug-StagingDefaultApp|x86
		{11A00FD7-5DAF-46CA-A8DF-7C8426AC4226}.Debug-StagingDefaultApp|Mixed Platforms.Build.0 = Debug-StagingDefaultApp|x86
		{11A00FD7-5DAF-46CA-A8DF-7C8426AC4226}.Debug-StagingDefaultApp|x64.ActiveCfg = Debug-StagingDefaultApp|x64
		{11A00FD7-5DAF-46CA-A8DF-7C8426AC4226}.Debug-StagingDefaultApp|x64.Build.0 = Debug-StagingDefaultApp|x64
		{11A00FD7-5DAF-46CA-A8DF-7C8426AC4226}.Debug-StagingDefaultApp|x86.ActiveCfg = Debug-StagingDefaultApp|x86
		{11A00FD7-5DAF-46CA-A8DF-7C8426AC4226}.Debug-StagingDefaultApp|x86.Build.0 = Debug-StagingDefaultApp|x86
		{11A00FD7-5DAF-46CA-A8DF-7C8426AC4226}.DevDefaultApp|Any CPU.ActiveCfg = DevDefaultApp|Any CPU
		{11A00FD7-5DAF-46CA-A8DF-7C8426AC4226}.DevDefaultApp|Any CPU.Build.0 = DevDefaultApp|Any CPU
		{11A00FD7-5DAF-46CA-A8DF-7C8426AC4226}.DevDefaultApp|Mixed Platforms.ActiveCfg = DevDefaultApp|x86
		{11A00FD7-5DAF-46CA-A8DF-7C8426AC4226}.DevDefaultApp|Mixed Platforms.Build.0 = DevDefaultApp|x86
		{11A00FD7-5DAF-46CA-A8DF-7C8426AC4226}.DevDefaultApp|x64.ActiveCfg = DevDefaultApp|x64
		{11A00FD7-5DAF-46CA-A8DF-7C8426AC4226}.DevDefaultApp|x64.Build.0 = DevDefaultApp|x64
		{11A00FD7-5DAF-46CA-A8DF-7C8426AC4226}.DevDefaultApp|x86.ActiveCfg = DevDefaultApp|x86
		{11A00FD7-5DAF-46CA-A8DF-7C8426AC4226}.DevDefaultApp|x86.Build.0 = DevDefaultApp|x86
		{11A00FD7-5DAF-46CA-A8DF-7C8426AC4226}.Release|Any CPU.ActiveCfg = Release|Any CPU
		{11A00FD7-5DAF-46CA-A8DF-7C8426AC4226}.Release|Any CPU.Build.0 = Release|Any CPU
		{11A00FD7-5DAF-46CA-A8DF-7C8426AC4226}.Release|Mixed Platforms.ActiveCfg = Release|x86
		{11A00FD7-5DAF-46CA-A8DF-7C8426AC4226}.Release|Mixed Platforms.Build.0 = Release|x86
		{11A00FD7-5DAF-46CA-A8DF-7C8426AC4226}.Release|x64.ActiveCfg = Release|x86
		{11A00FD7-5DAF-46CA-A8DF-7C8426AC4226}.Release|x86.ActiveCfg = Release|x86
		{11A00FD7-5DAF-46CA-A8DF-7C8426AC4226}.Release|x86.Build.0 = Release|x86
		{11A00FD7-5DAF-46CA-A8DF-7C8426AC4226}.StagingDefaultApp|Any CPU.ActiveCfg = StagingDefaultApp|Any CPU
		{11A00FD7-5DAF-46CA-A8DF-7C8426AC4226}.StagingDefaultApp|Any CPU.Build.0 = StagingDefaultApp|Any CPU
		{11A00FD7-5DAF-46CA-A8DF-7C8426AC4226}.StagingDefaultApp|Mixed Platforms.ActiveCfg = StagingDefaultApp|x86
		{11A00FD7-5DAF-46CA-A8DF-7C8426AC4226}.StagingDefaultApp|Mixed Platforms.Build.0 = StagingDefaultApp|x86
		{11A00FD7-5DAF-46CA-A8DF-7C8426AC4226}.StagingDefaultApp|x64.ActiveCfg = StagingDefaultApp|x64
		{11A00FD7-5DAF-46CA-A8DF-7C8426AC4226}.StagingDefaultApp|x64.Build.0 = StagingDefaultApp|x64
		{11A00FD7-5DAF-46CA-A8DF-7C8426AC4226}.StagingDefaultApp|x86.ActiveCfg = StagingDefaultApp|x86
		{11A00FD7-5DAF-46CA-A8DF-7C8426AC4226}.StagingDefaultApp|x86.Build.0 = StagingDefaultApp|x86
		{45AB15C4-00B1-46D6-9C5B-650A0551CE95}.Debug|Any CPU.ActiveCfg = Debug|Any CPU
		{45AB15C4-00B1-46D6-9C5B-650A0551CE95}.Debug|Any CPU.Build.0 = Debug|Any CPU
		{45AB15C4-00B1-46D6-9C5B-650A0551CE95}.Debug|Mixed Platforms.ActiveCfg = Debug|Any CPU
		{45AB15C4-00B1-46D6-9C5B-650A0551CE95}.Debug|Mixed Platforms.Build.0 = Debug|Any CPU
		{45AB15C4-00B1-46D6-9C5B-650A0551CE95}.Debug|x64.ActiveCfg = Debug|x64
		{45AB15C4-00B1-46D6-9C5B-650A0551CE95}.Debug|x64.Build.0 = Debug|x64
		{45AB15C4-00B1-46D6-9C5B-650A0551CE95}.Debug|x86.ActiveCfg = Debug|x86
		{45AB15C4-00B1-46D6-9C5B-650A0551CE95}.Debug|x86.Build.0 = Debug|x86
		{45AB15C4-00B1-46D6-9C5B-650A0551CE95}.Debug-DevApp|Any CPU.ActiveCfg = Debug-DevApp|Any CPU
		{45AB15C4-00B1-46D6-9C5B-650A0551CE95}.Debug-DevApp|Any CPU.Build.0 = Debug-DevApp|Any CPU
		{45AB15C4-00B1-46D6-9C5B-650A0551CE95}.Debug-DevApp|Mixed Platforms.ActiveCfg = Debug-DevApp|x86
		{45AB15C4-00B1-46D6-9C5B-650A0551CE95}.Debug-DevApp|Mixed Platforms.Build.0 = Debug-DevApp|x86
		{45AB15C4-00B1-46D6-9C5B-650A0551CE95}.Debug-DevApp|x64.ActiveCfg = Debug-DevApp|x64
		{45AB15C4-00B1-46D6-9C5B-650A0551CE95}.Debug-DevApp|x64.Build.0 = Debug-DevApp|x64
		{45AB15C4-00B1-46D6-9C5B-650A0551CE95}.Debug-DevApp|x86.ActiveCfg = Debug-DevApp|x86
		{45AB15C4-00B1-46D6-9C5B-650A0551CE95}.Debug-DevApp|x86.Build.0 = Debug-DevApp|x86
		{45AB15C4-00B1-46D6-9C5B-650A0551CE95}.Debug-StagingDefaultApp|Any CPU.ActiveCfg = Debug-StagingDefaultApp|Any CPU
		{45AB15C4-00B1-46D6-9C5B-650A0551CE95}.Debug-StagingDefaultApp|Any CPU.Build.0 = Debug-StagingDefaultApp|Any CPU
		{45AB15C4-00B1-46D6-9C5B-650A0551CE95}.Debug-StagingDefaultApp|Mixed Platforms.ActiveCfg = Debug-StagingDefaultApp|x86
		{45AB15C4-00B1-46D6-9C5B-650A0551CE95}.Debug-StagingDefaultApp|Mixed Platforms.Build.0 = Debug-StagingDefaultApp|x86
		{45AB15C4-00B1-46D6-9C5B-650A0551CE95}.Debug-StagingDefaultApp|x64.ActiveCfg = Debug-StagingDefaultApp|x64
		{45AB15C4-00B1-46D6-9C5B-650A0551CE95}.Debug-StagingDefaultApp|x64.Build.0 = Debug-StagingDefaultApp|x64
		{45AB15C4-00B1-46D6-9C5B-650A0551CE95}.Debug-StagingDefaultApp|x86.ActiveCfg = Debug-StagingDefaultApp|x86
		{45AB15C4-00B1-46D6-9C5B-650A0551CE95}.Debug-StagingDefaultApp|x86.Build.0 = Debug-StagingDefaultApp|x86
		{45AB15C4-00B1-46D6-9C5B-650A0551CE95}.DevDefaultApp|Any CPU.ActiveCfg = DevDefaultApp|Any CPU
		{45AB15C4-00B1-46D6-9C5B-650A0551CE95}.DevDefaultApp|Any CPU.Build.0 = DevDefaultApp|Any CPU
		{45AB15C4-00B1-46D6-9C5B-650A0551CE95}.DevDefaultApp|Mixed Platforms.ActiveCfg = DevDefaultApp|x86
		{45AB15C4-00B1-46D6-9C5B-650A0551CE95}.DevDefaultApp|Mixed Platforms.Build.0 = DevDefaultApp|x86
		{45AB15C4-00B1-46D6-9C5B-650A0551CE95}.DevDefaultApp|x64.ActiveCfg = DevDefaultApp|x64
		{45AB15C4-00B1-46D6-9C5B-650A0551CE95}.DevDefaultApp|x64.Build.0 = DevDefaultApp|x64
		{45AB15C4-00B1-46D6-9C5B-650A0551CE95}.DevDefaultApp|x86.ActiveCfg = DevDefaultApp|x86
		{45AB15C4-00B1-46D6-9C5B-650A0551CE95}.DevDefaultApp|x86.Build.0 = DevDefaultApp|x86
		{45AB15C4-00B1-46D6-9C5B-650A0551CE95}.Release|Any CPU.ActiveCfg = Release|Any CPU
		{45AB15C4-00B1-46D6-9C5B-650A0551CE95}.Release|Any CPU.Build.0 = Release|Any CPU
		{45AB15C4-00B1-46D6-9C5B-650A0551CE95}.Release|Mixed Platforms.ActiveCfg = Release|x86
		{45AB15C4-00B1-46D6-9C5B-650A0551CE95}.Release|Mixed Platforms.Build.0 = Release|x86
		{45AB15C4-00B1-46D6-9C5B-650A0551CE95}.Release|x64.ActiveCfg = Release|x64
		{45AB15C4-00B1-46D6-9C5B-650A0551CE95}.Release|x64.Build.0 = Release|x64
		{45AB15C4-00B1-46D6-9C5B-650A0551CE95}.Release|x86.ActiveCfg = Release|x86
		{45AB15C4-00B1-46D6-9C5B-650A0551CE95}.Release|x86.Build.0 = Release|x86
		{45AB15C4-00B1-46D6-9C5B-650A0551CE95}.StagingDefaultApp|Any CPU.ActiveCfg = StagingDefaultApp|Any CPU
		{45AB15C4-00B1-46D6-9C5B-650A0551CE95}.StagingDefaultApp|Any CPU.Build.0 = StagingDefaultApp|Any CPU
		{45AB15C4-00B1-46D6-9C5B-650A0551CE95}.StagingDefaultApp|Mixed Platforms.ActiveCfg = StagingDefaultApp|x86
		{45AB15C4-00B1-46D6-9C5B-650A0551CE95}.StagingDefaultApp|Mixed Platforms.Build.0 = StagingDefaultApp|x86
		{45AB15C4-00B1-46D6-9C5B-650A0551CE95}.StagingDefaultApp|x64.ActiveCfg = StagingDefaultApp|x64
		{45AB15C4-00B1-46D6-9C5B-650A0551CE95}.StagingDefaultApp|x64.Build.0 = StagingDefaultApp|x64
		{45AB15C4-00B1-46D6-9C5B-650A0551CE95}.StagingDefaultApp|x86.ActiveCfg = StagingDefaultApp|x86
		{45AB15C4-00B1-46D6-9C5B-650A0551CE95}.StagingDefaultApp|x86.Build.0 = StagingDefaultApp|x86
		{744280CA-E8A3-4B6A-BA3F-2BF638433F65}.Debug|Any CPU.ActiveCfg = Debug|Any CPU
		{744280CA-E8A3-4B6A-BA3F-2BF638433F65}.Debug|Any CPU.Build.0 = Debug|Any CPU
		{744280CA-E8A3-4B6A-BA3F-2BF638433F65}.Debug|Mixed Platforms.ActiveCfg = Debug|Any CPU
		{744280CA-E8A3-4B6A-BA3F-2BF638433F65}.Debug|Mixed Platforms.Build.0 = Debug|Any CPU
		{744280CA-E8A3-4B6A-BA3F-2BF638433F65}.Debug|x64.ActiveCfg = Debug|x64
		{744280CA-E8A3-4B6A-BA3F-2BF638433F65}.Debug|x64.Build.0 = Debug|x64
		{744280CA-E8A3-4B6A-BA3F-2BF638433F65}.Debug|x86.ActiveCfg = Debug|x86
		{744280CA-E8A3-4B6A-BA3F-2BF638433F65}.Debug|x86.Build.0 = Debug|x86
		{744280CA-E8A3-4B6A-BA3F-2BF638433F65}.Debug-DevApp|Any CPU.ActiveCfg = Debug|Any CPU
		{744280CA-E8A3-4B6A-BA3F-2BF638433F65}.Debug-DevApp|Any CPU.Build.0 = Debug|Any CPU
		{744280CA-E8A3-4B6A-BA3F-2BF638433F65}.Debug-DevApp|Mixed Platforms.ActiveCfg = Debug|x86
		{744280CA-E8A3-4B6A-BA3F-2BF638433F65}.Debug-DevApp|Mixed Platforms.Build.0 = Debug|x86
		{744280CA-E8A3-4B6A-BA3F-2BF638433F65}.Debug-DevApp|x64.ActiveCfg = Debug|x64
		{744280CA-E8A3-4B6A-BA3F-2BF638433F65}.Debug-DevApp|x64.Build.0 = Debug|x64
		{744280CA-E8A3-4B6A-BA3F-2BF638433F65}.Debug-DevApp|x86.ActiveCfg = Debug|x86
		{744280CA-E8A3-4B6A-BA3F-2BF638433F65}.Debug-DevApp|x86.Build.0 = Debug|x86
		{744280CA-E8A3-4B6A-BA3F-2BF638433F65}.Debug-StagingDefaultApp|Any CPU.ActiveCfg = Debug|Any CPU
		{744280CA-E8A3-4B6A-BA3F-2BF638433F65}.Debug-StagingDefaultApp|Any CPU.Build.0 = Debug|Any CPU
		{744280CA-E8A3-4B6A-BA3F-2BF638433F65}.Debug-StagingDefaultApp|Mixed Platforms.ActiveCfg = Debug|x86
		{744280CA-E8A3-4B6A-BA3F-2BF638433F65}.Debug-StagingDefaultApp|Mixed Platforms.Build.0 = Debug|x86
		{744280CA-E8A3-4B6A-BA3F-2BF638433F65}.Debug-StagingDefaultApp|x64.ActiveCfg = Debug|x64
		{744280CA-E8A3-4B6A-BA3F-2BF638433F65}.Debug-StagingDefaultApp|x64.Build.0 = Debug|x64
		{744280CA-E8A3-4B6A-BA3F-2BF638433F65}.Debug-StagingDefaultApp|x86.ActiveCfg = Debug|x86
		{744280CA-E8A3-4B6A-BA3F-2BF638433F65}.Debug-StagingDefaultApp|x86.Build.0 = Debug|x86
		{744280CA-E8A3-4B6A-BA3F-2BF638433F65}.DevDefaultApp|Any CPU.ActiveCfg = Debug|Any CPU
		{744280CA-E8A3-4B6A-BA3F-2BF638433F65}.DevDefaultApp|Any CPU.Build.0 = Debug|Any CPU
		{744280CA-E8A3-4B6A-BA3F-2BF638433F65}.DevDefaultApp|Mixed Platforms.ActiveCfg = Debug|x86
		{744280CA-E8A3-4B6A-BA3F-2BF638433F65}.DevDefaultApp|Mixed Platforms.Build.0 = Debug|x86
		{744280CA-E8A3-4B6A-BA3F-2BF638433F65}.DevDefaultApp|x64.ActiveCfg = Debug|x64
		{744280CA-E8A3-4B6A-BA3F-2BF638433F65}.DevDefaultApp|x64.Build.0 = Debug|x64
		{744280CA-E8A3-4B6A-BA3F-2BF638433F65}.DevDefaultApp|x86.ActiveCfg = Debug|x86
		{744280CA-E8A3-4B6A-BA3F-2BF638433F65}.DevDefaultApp|x86.Build.0 = Debug|x86
		{744280CA-E8A3-4B6A-BA3F-2BF638433F65}.Release|Any CPU.ActiveCfg = Release|Any CPU
		{744280CA-E8A3-4B6A-BA3F-2BF638433F65}.Release|Any CPU.Build.0 = Release|Any CPU
		{744280CA-E8A3-4B6A-BA3F-2BF638433F65}.Release|Any CPU.Deploy.0 = Release|Any CPU
		{744280CA-E8A3-4B6A-BA3F-2BF638433F65}.Release|Mixed Platforms.ActiveCfg = Release|x86
		{744280CA-E8A3-4B6A-BA3F-2BF638433F65}.Release|Mixed Platforms.Build.0 = Release|x86
		{744280CA-E8A3-4B6A-BA3F-2BF638433F65}.Release|x64.ActiveCfg = Release|x86
		{744280CA-E8A3-4B6A-BA3F-2BF638433F65}.Release|x86.ActiveCfg = Release|x86
		{744280CA-E8A3-4B6A-BA3F-2BF638433F65}.Release|x86.Build.0 = Release|x86
		{744280CA-E8A3-4B6A-BA3F-2BF638433F65}.StagingDefaultApp|Any CPU.ActiveCfg = Release|Any CPU
		{744280CA-E8A3-4B6A-BA3F-2BF638433F65}.StagingDefaultApp|Any CPU.Build.0 = Release|Any CPU
		{744280CA-E8A3-4B6A-BA3F-2BF638433F65}.StagingDefaultApp|Mixed Platforms.ActiveCfg = Release|x86
		{744280CA-E8A3-4B6A-BA3F-2BF638433F65}.StagingDefaultApp|Mixed Platforms.Build.0 = Release|x86
		{744280CA-E8A3-4B6A-BA3F-2BF638433F65}.StagingDefaultApp|x64.ActiveCfg = Release|x64
		{744280CA-E8A3-4B6A-BA3F-2BF638433F65}.StagingDefaultApp|x64.Build.0 = Release|x64
		{744280CA-E8A3-4B6A-BA3F-2BF638433F65}.StagingDefaultApp|x86.ActiveCfg = Release|x86
		{744280CA-E8A3-4B6A-BA3F-2BF638433F65}.StagingDefaultApp|x86.Build.0 = Release|x86
		{9DB3DACD-45E8-496B-96DA-F939ABE7DB34}.Debug|Any CPU.ActiveCfg = Debug|Any CPU
		{9DB3DACD-45E8-496B-96DA-F939ABE7DB34}.Debug|Any CPU.Build.0 = Debug|Any CPU
		{9DB3DACD-45E8-496B-96DA-F939ABE7DB34}.Debug|Any CPU.Deploy.0 = Debug|Any CPU
		{9DB3DACD-45E8-496B-96DA-F939ABE7DB34}.Debug|Mixed Platforms.ActiveCfg = Debug|Any CPU
		{9DB3DACD-45E8-496B-96DA-F939ABE7DB34}.Debug|Mixed Platforms.Build.0 = Debug|Any CPU
		{9DB3DACD-45E8-496B-96DA-F939ABE7DB34}.Debug|x64.ActiveCfg = Debug|Any CPU
		{9DB3DACD-45E8-496B-96DA-F939ABE7DB34}.Debug|x86.ActiveCfg = Debug|x86
		{9DB3DACD-45E8-496B-96DA-F939ABE7DB34}.Debug|x86.Build.0 = Debug|x86
		{9DB3DACD-45E8-496B-96DA-F939ABE7DB34}.Debug-DevApp|Any CPU.ActiveCfg = Debug|Any CPU
		{9DB3DACD-45E8-496B-96DA-F939ABE7DB34}.Debug-DevApp|Any CPU.Build.0 = Debug|Any CPU
		{9DB3DACD-45E8-496B-96DA-F939ABE7DB34}.Debug-DevApp|Mixed Platforms.ActiveCfg = Debug|x86
		{9DB3DACD-45E8-496B-96DA-F939ABE7DB34}.Debug-DevApp|Mixed Platforms.Build.0 = Debug|x86
		{9DB3DACD-45E8-496B-96DA-F939ABE7DB34}.Debug-DevApp|x64.ActiveCfg = Debug|Any CPU
		{9DB3DACD-45E8-496B-96DA-F939ABE7DB34}.Debug-DevApp|x64.Build.0 = Debug|Any CPU
		{9DB3DACD-45E8-496B-96DA-F939ABE7DB34}.Debug-DevApp|x86.ActiveCfg = Debug|x86
		{9DB3DACD-45E8-496B-96DA-F939ABE7DB34}.Debug-DevApp|x86.Build.0 = Debug|x86
		{9DB3DACD-45E8-496B-96DA-F939ABE7DB34}.Debug-StagingDefaultApp|Any CPU.ActiveCfg = StagingDefaultApp|Any CPU
		{9DB3DACD-45E8-496B-96DA-F939ABE7DB34}.Debug-StagingDefaultApp|Any CPU.Build.0 = StagingDefaultApp|Any CPU
		{9DB3DACD-45E8-496B-96DA-F939ABE7DB34}.Debug-StagingDefaultApp|Mixed Platforms.ActiveCfg = StagingDefaultApp|x86
		{9DB3DACD-45E8-496B-96DA-F939ABE7DB34}.Debug-StagingDefaultApp|Mixed Platforms.Build.0 = StagingDefaultApp|x86
		{9DB3DACD-45E8-496B-96DA-F939ABE7DB34}.Debug-StagingDefaultApp|x64.ActiveCfg = StagingDefaultApp|Any CPU
		{9DB3DACD-45E8-496B-96DA-F939ABE7DB34}.Debug-StagingDefaultApp|x64.Build.0 = StagingDefaultApp|Any CPU
		{9DB3DACD-45E8-496B-96DA-F939ABE7DB34}.Debug-StagingDefaultApp|x86.ActiveCfg = StagingDefaultApp|x86
		{9DB3DACD-45E8-496B-96DA-F939ABE7DB34}.Debug-StagingDefaultApp|x86.Build.0 = StagingDefaultApp|x86
		{9DB3DACD-45E8-496B-96DA-F939ABE7DB34}.DevDefaultApp|Any CPU.ActiveCfg = DevDefaultApp|Any CPU
		{9DB3DACD-45E8-496B-96DA-F939ABE7DB34}.DevDefaultApp|Any CPU.Build.0 = DevDefaultApp|Any CPU
		{9DB3DACD-45E8-496B-96DA-F939ABE7DB34}.DevDefaultApp|Mixed Platforms.ActiveCfg = DevDefaultApp|x86
		{9DB3DACD-45E8-496B-96DA-F939ABE7DB34}.DevDefaultApp|Mixed Platforms.Build.0 = DevDefaultApp|x86
		{9DB3DACD-45E8-496B-96DA-F939ABE7DB34}.DevDefaultApp|x64.ActiveCfg = DevDefaultApp|Any CPU
		{9DB3DACD-45E8-496B-96DA-F939ABE7DB34}.DevDefaultApp|x64.Build.0 = DevDefaultApp|Any CPU
		{9DB3DACD-45E8-496B-96DA-F939ABE7DB34}.DevDefaultApp|x86.ActiveCfg = DevDefaultApp|x86
		{9DB3DACD-45E8-496B-96DA-F939ABE7DB34}.DevDefaultApp|x86.Build.0 = DevDefaultApp|x86
		{9DB3DACD-45E8-496B-96DA-F939ABE7DB34}.Release|Any CPU.ActiveCfg = Release|Any CPU
		{9DB3DACD-45E8-496B-96DA-F939ABE7DB34}.Release|Any CPU.Build.0 = Release|Any CPU
		{9DB3DACD-45E8-496B-96DA-F939ABE7DB34}.Release|Mixed Platforms.ActiveCfg = Release|Any CPU
		{9DB3DACD-45E8-496B-96DA-F939ABE7DB34}.Release|Mixed Platforms.Build.0 = Release|Any CPU
		{9DB3DACD-45E8-496B-96DA-F939ABE7DB34}.Release|x64.ActiveCfg = Release|Any CPU
		{9DB3DACD-45E8-496B-96DA-F939ABE7DB34}.Release|x86.ActiveCfg = Release|Any CPU
		{9DB3DACD-45E8-496B-96DA-F939ABE7DB34}.StagingDefaultApp|Any CPU.ActiveCfg = StagingDefaultApp|Any CPU
		{9DB3DACD-45E8-496B-96DA-F939ABE7DB34}.StagingDefaultApp|Any CPU.Build.0 = StagingDefaultApp|Any CPU
		{9DB3DACD-45E8-496B-96DA-F939ABE7DB34}.StagingDefaultApp|Mixed Platforms.ActiveCfg = StagingDefaultApp|x86
		{9DB3DACD-45E8-496B-96DA-F939ABE7DB34}.StagingDefaultApp|Mixed Platforms.Build.0 = StagingDefaultApp|x86
		{9DB3DACD-45E8-496B-96DA-F939ABE7DB34}.StagingDefaultApp|x64.ActiveCfg = StagingDefaultApp|Any CPU
		{9DB3DACD-45E8-496B-96DA-F939ABE7DB34}.StagingDefaultApp|x64.Build.0 = StagingDefaultApp|Any CPU
		{9DB3DACD-45E8-496B-96DA-F939ABE7DB34}.StagingDefaultApp|x86.ActiveCfg = StagingDefaultApp|x86
		{9DB3DACD-45E8-496B-96DA-F939ABE7DB34}.StagingDefaultApp|x86.Build.0 = StagingDefaultApp|x86
		{A5AC1D36-6D5A-41F3-9F9E-6A7CFBAE554F}.Debug|Any CPU.ActiveCfg = Debug|Any CPU
		{A5AC1D36-6D5A-41F3-9F9E-6A7CFBAE554F}.Debug|Any CPU.Build.0 = Debug|Any CPU
		{A5AC1D36-6D5A-41F3-9F9E-6A7CFBAE554F}.Debug|Mixed Platforms.ActiveCfg = Debug|Any CPU
		{A5AC1D36-6D5A-41F3-9F9E-6A7CFBAE554F}.Debug|Mixed Platforms.Build.0 = Debug|Any CPU
		{A5AC1D36-6D5A-41F3-9F9E-6A7CFBAE554F}.Debug|x64.ActiveCfg = Debug|Any CPU
		{A5AC1D36-6D5A-41F3-9F9E-6A7CFBAE554F}.Debug|x64.Build.0 = Debug|Any CPU
		{A5AC1D36-6D5A-41F3-9F9E-6A7CFBAE554F}.Debug|x86.ActiveCfg = Debug|Any CPU
		{A5AC1D36-6D5A-41F3-9F9E-6A7CFBAE554F}.Debug|x86.Build.0 = Debug|Any CPU
		{A5AC1D36-6D5A-41F3-9F9E-6A7CFBAE554F}.Debug-DevApp|Any CPU.ActiveCfg = Debug-DevApp|Any CPU
		{A5AC1D36-6D5A-41F3-9F9E-6A7CFBAE554F}.Debug-DevApp|Any CPU.Build.0 = Debug-DevApp|Any CPU
		{A5AC1D36-6D5A-41F3-9F9E-6A7CFBAE554F}.Debug-DevApp|Mixed Platforms.ActiveCfg = Debug-DevApp|Any CPU
		{A5AC1D36-6D5A-41F3-9F9E-6A7CFBAE554F}.Debug-DevApp|Mixed Platforms.Build.0 = Debug-DevApp|Any CPU
		{A5AC1D36-6D5A-41F3-9F9E-6A7CFBAE554F}.Debug-DevApp|x64.ActiveCfg = Debug-DevApp|Any CPU
		{A5AC1D36-6D5A-41F3-9F9E-6A7CFBAE554F}.Debug-DevApp|x64.Build.0 = Debug-DevApp|Any CPU
		{A5AC1D36-6D5A-41F3-9F9E-6A7CFBAE554F}.Debug-DevApp|x86.ActiveCfg = Debug-DevApp|Any CPU
		{A5AC1D36-6D5A-41F3-9F9E-6A7CFBAE554F}.Debug-DevApp|x86.Build.0 = Debug-DevApp|Any CPU
		{A5AC1D36-6D5A-41F3-9F9E-6A7CFBAE554F}.Debug-StagingDefaultApp|Any CPU.ActiveCfg = Debug-StagingDefaultApp|Any CPU
		{A5AC1D36-6D5A-41F3-9F9E-6A7CFBAE554F}.Debug-StagingDefaultApp|Any CPU.Build.0 = Debug-StagingDefaultApp|Any CPU
		{A5AC1D36-6D5A-41F3-9F9E-6A7CFBAE554F}.Debug-StagingDefaultApp|Mixed Platforms.ActiveCfg = Debug-StagingDefaultApp|Any CPU
		{A5AC1D36-6D5A-41F3-9F9E-6A7CFBAE554F}.Debug-StagingDefaultApp|Mixed Platforms.Build.0 = Debug-StagingDefaultApp|Any CPU
		{A5AC1D36-6D5A-41F3-9F9E-6A7CFBAE554F}.Debug-StagingDefaultApp|x64.ActiveCfg = Debug-StagingDefaultApp|Any CPU
		{A5AC1D36-6D5A-41F3-9F9E-6A7CFBAE554F}.Debug-StagingDefaultApp|x64.Build.0 = Debug-StagingDefaultApp|Any CPU
		{A5AC1D36-6D5A-41F3-9F9E-6A7CFBAE554F}.Debug-StagingDefaultApp|x86.ActiveCfg = Debug-StagingDefaultApp|Any CPU
		{A5AC1D36-6D5A-41F3-9F9E-6A7CFBAE554F}.Debug-StagingDefaultApp|x86.Build.0 = Debug-StagingDefaultApp|Any CPU
		{A5AC1D36-6D5A-41F3-9F9E-6A7CFBAE554F}.DevDefaultApp|Any CPU.ActiveCfg = DevDefaultApp|Any CPU
		{A5AC1D36-6D5A-41F3-9F9E-6A7CFBAE554F}.DevDefaultApp|Any CPU.Build.0 = DevDefaultApp|Any CPU
		{A5AC1D36-6D5A-41F3-9F9E-6A7CFBAE554F}.DevDefaultApp|Mixed Platforms.ActiveCfg = DevDefaultApp|Any CPU
		{A5AC1D36-6D5A-41F3-9F9E-6A7CFBAE554F}.DevDefaultApp|Mixed Platforms.Build.0 = DevDefaultApp|Any CPU
		{A5AC1D36-6D5A-41F3-9F9E-6A7CFBAE554F}.DevDefaultApp|x64.ActiveCfg = DevDefaultApp|Any CPU
		{A5AC1D36-6D5A-41F3-9F9E-6A7CFBAE554F}.DevDefaultApp|x64.Build.0 = DevDefaultApp|Any CPU
		{A5AC1D36-6D5A-41F3-9F9E-6A7CFBAE554F}.DevDefaultApp|x86.ActiveCfg = DevDefaultApp|Any CPU
		{A5AC1D36-6D5A-41F3-9F9E-6A7CFBAE554F}.DevDefaultApp|x86.Build.0 = DevDefaultApp|Any CPU
		{A5AC1D36-6D5A-41F3-9F9E-6A7CFBAE554F}.Release|Any CPU.ActiveCfg = Release|Any CPU
		{A5AC1D36-6D5A-41F3-9F9E-6A7CFBAE554F}.Release|Any CPU.Build.0 = Release|Any CPU
		{A5AC1D36-6D5A-41F3-9F9E-6A7CFBAE554F}.Release|Mixed Platforms.ActiveCfg = Release|Any CPU
		{A5AC1D36-6D5A-41F3-9F9E-6A7CFBAE554F}.Release|Mixed Platforms.Build.0 = Release|Any CPU
		{A5AC1D36-6D5A-41F3-9F9E-6A7CFBAE554F}.Release|x64.ActiveCfg = Release|Any CPU
		{A5AC1D36-6D5A-41F3-9F9E-6A7CFBAE554F}.Release|x64.Build.0 = Release|Any CPU
		{A5AC1D36-6D5A-41F3-9F9E-6A7CFBAE554F}.Release|x86.ActiveCfg = Release|Any CPU
		{A5AC1D36-6D5A-41F3-9F9E-6A7CFBAE554F}.Release|x86.Build.0 = Release|Any CPU
		{A5AC1D36-6D5A-41F3-9F9E-6A7CFBAE554F}.StagingDefaultApp|Any CPU.ActiveCfg = StagingDefaultApp|Any CPU
		{A5AC1D36-6D5A-41F3-9F9E-6A7CFBAE554F}.StagingDefaultApp|Any CPU.Build.0 = StagingDefaultApp|Any CPU
		{A5AC1D36-6D5A-41F3-9F9E-6A7CFBAE554F}.StagingDefaultApp|Mixed Platforms.ActiveCfg = StagingDefaultApp|Any CPU
		{A5AC1D36-6D5A-41F3-9F9E-6A7CFBAE554F}.StagingDefaultApp|Mixed Platforms.Build.0 = StagingDefaultApp|Any CPU
		{A5AC1D36-6D5A-41F3-9F9E-6A7CFBAE554F}.StagingDefaultApp|x64.ActiveCfg = StagingDefaultApp|Any CPU
		{A5AC1D36-6D5A-41F3-9F9E-6A7CFBAE554F}.StagingDefaultApp|x64.Build.0 = StagingDefaultApp|Any CPU
		{A5AC1D36-6D5A-41F3-9F9E-6A7CFBAE554F}.StagingDefaultApp|x86.ActiveCfg = StagingDefaultApp|Any CPU
		{A5AC1D36-6D5A-41F3-9F9E-6A7CFBAE554F}.StagingDefaultApp|x86.Build.0 = StagingDefaultApp|Any CPU
		{6D74F50C-EECA-4B40-B1E0-22DE9736F3BA}.Debug|Any CPU.ActiveCfg = Debug
		{6D74F50C-EECA-4B40-B1E0-22DE9736F3BA}.Debug|Mixed Platforms.ActiveCfg = Debug
		{6D74F50C-EECA-4B40-B1E0-22DE9736F3BA}.Debug|x64.ActiveCfg = Debug
		{6D74F50C-EECA-4B40-B1E0-22DE9736F3BA}.Debug|x86.ActiveCfg = Debug
		{6D74F50C-EECA-4B40-B1E0-22DE9736F3BA}.Debug-DevApp|Any CPU.ActiveCfg = Debug-DevApp
		{6D74F50C-EECA-4B40-B1E0-22DE9736F3BA}.Debug-DevApp|Any CPU.Build.0 = Debug-DevApp
		{6D74F50C-EECA-4B40-B1E0-22DE9736F3BA}.Debug-DevApp|Mixed Platforms.ActiveCfg = Debug-DevApp
		{6D74F50C-EECA-4B40-B1E0-22DE9736F3BA}.Debug-DevApp|Mixed Platforms.Build.0 = Debug-DevApp
		{6D74F50C-EECA-4B40-B1E0-22DE9736F3BA}.Debug-DevApp|x64.ActiveCfg = Debug-DevApp
		{6D74F50C-EECA-4B40-B1E0-22DE9736F3BA}.Debug-DevApp|x64.Build.0 = Debug-DevApp
		{6D74F50C-EECA-4B40-B1E0-22DE9736F3BA}.Debug-DevApp|x86.ActiveCfg = Debug-DevApp
		{6D74F50C-EECA-4B40-B1E0-22DE9736F3BA}.Debug-DevApp|x86.Build.0 = Debug-DevApp
		{6D74F50C-EECA-4B40-B1E0-22DE9736F3BA}.Debug-StagingDefaultApp|Any CPU.ActiveCfg = Debug-StagingDefaultApp
		{6D74F50C-EECA-4B40-B1E0-22DE9736F3BA}.Debug-StagingDefaultApp|Any CPU.Build.0 = Debug-StagingDefaultApp
		{6D74F50C-EECA-4B40-B1E0-22DE9736F3BA}.Debug-StagingDefaultApp|Mixed Platforms.ActiveCfg = Debug-StagingDefaultApp
		{6D74F50C-EECA-4B40-B1E0-22DE9736F3BA}.Debug-StagingDefaultApp|Mixed Platforms.Build.0 = Debug-StagingDefaultApp
		{6D74F50C-EECA-4B40-B1E0-22DE9736F3BA}.Debug-StagingDefaultApp|x64.ActiveCfg = Debug-StagingDefaultApp
		{6D74F50C-EECA-4B40-B1E0-22DE9736F3BA}.Debug-StagingDefaultApp|x64.Build.0 = Debug-StagingDefaultApp
		{6D74F50C-EECA-4B40-B1E0-22DE9736F3BA}.Debug-StagingDefaultApp|x86.ActiveCfg = Debug-StagingDefaultApp
		{6D74F50C-EECA-4B40-B1E0-22DE9736F3BA}.Debug-StagingDefaultApp|x86.Build.0 = Debug-StagingDefaultApp
		{6D74F50C-EECA-4B40-B1E0-22DE9736F3BA}.DevDefaultApp|Any CPU.ActiveCfg = DevDefaultApp
		{6D74F50C-EECA-4B40-B1E0-22DE9736F3BA}.DevDefaultApp|Any CPU.Build.0 = DevDefaultApp
		{6D74F50C-EECA-4B40-B1E0-22DE9736F3BA}.DevDefaultApp|Mixed Platforms.ActiveCfg = DevDefaultApp
		{6D74F50C-EECA-4B40-B1E0-22DE9736F3BA}.DevDefaultApp|Mixed Platforms.Build.0 = DevDefaultApp
		{6D74F50C-EECA-4B40-B1E0-22DE9736F3BA}.DevDefaultApp|x64.ActiveCfg = DevDefaultApp
		{6D74F50C-EECA-4B40-B1E0-22DE9736F3BA}.DevDefaultApp|x64.Build.0 = DevDefaultApp
		{6D74F50C-EECA-4B40-B1E0-22DE9736F3BA}.DevDefaultApp|x86.ActiveCfg = DevDefaultApp
		{6D74F50C-EECA-4B40-B1E0-22DE9736F3BA}.DevDefaultApp|x86.Build.0 = DevDefaultApp
		{6D74F50C-EECA-4B40-B1E0-22DE9736F3BA}.Release|Any CPU.ActiveCfg = Release
		{6D74F50C-EECA-4B40-B1E0-22DE9736F3BA}.Release|Mixed Platforms.ActiveCfg = Release
		{6D74F50C-EECA-4B40-B1E0-22DE9736F3BA}.Release|x64.ActiveCfg = Release
		{6D74F50C-EECA-4B40-B1E0-22DE9736F3BA}.Release|x86.ActiveCfg = Release
		{6D74F50C-EECA-4B40-B1E0-22DE9736F3BA}.StagingDefaultApp|Any CPU.ActiveCfg = StagingDefaultApp
		{6D74F50C-EECA-4B40-B1E0-22DE9736F3BA}.StagingDefaultApp|Any CPU.Build.0 = StagingDefaultApp
		{6D74F50C-EECA-4B40-B1E0-22DE9736F3BA}.StagingDefaultApp|Mixed Platforms.ActiveCfg = StagingDefaultApp
		{6D74F50C-EECA-4B40-B1E0-22DE9736F3BA}.StagingDefaultApp|Mixed Platforms.Build.0 = StagingDefaultApp
		{6D74F50C-EECA-4B40-B1E0-22DE9736F3BA}.StagingDefaultApp|x64.ActiveCfg = StagingDefaultApp
		{6D74F50C-EECA-4B40-B1E0-22DE9736F3BA}.StagingDefaultApp|x64.Build.0 = StagingDefaultApp
		{6D74F50C-EECA-4B40-B1E0-22DE9736F3BA}.StagingDefaultApp|x86.ActiveCfg = StagingDefaultApp
		{6D74F50C-EECA-4B40-B1E0-22DE9736F3BA}.StagingDefaultApp|x86.Build.0 = StagingDefaultApp
		{0619E0E6-1565-47E7-B8FE-F8BD1C8EB48B}.Debug|Any CPU.ActiveCfg = Debug|Any CPU
		{0619E0E6-1565-47E7-B8FE-F8BD1C8EB48B}.Debug|Any CPU.Build.0 = Debug|Any CPU
		{0619E0E6-1565-47E7-B8FE-F8BD1C8EB48B}.Debug|Mixed Platforms.ActiveCfg = Debug|Any CPU
		{0619E0E6-1565-47E7-B8FE-F8BD1C8EB48B}.Debug|Mixed Platforms.Build.0 = Debug|Any CPU
		{0619E0E6-1565-47E7-B8FE-F8BD1C8EB48B}.Debug|x64.ActiveCfg = Debug|Any CPU
		{0619E0E6-1565-47E7-B8FE-F8BD1C8EB48B}.Debug|x64.Build.0 = Debug|Any CPU
		{0619E0E6-1565-47E7-B8FE-F8BD1C8EB48B}.Debug|x86.ActiveCfg = Debug|Any CPU
		{0619E0E6-1565-47E7-B8FE-F8BD1C8EB48B}.Debug|x86.Build.0 = Debug|Any CPU
		{0619E0E6-1565-47E7-B8FE-F8BD1C8EB48B}.Debug-DevApp|Any CPU.ActiveCfg = Debug|Any CPU
		{0619E0E6-1565-47E7-B8FE-F8BD1C8EB48B}.Debug-DevApp|Any CPU.Build.0 = Debug|Any CPU
		{0619E0E6-1565-47E7-B8FE-F8BD1C8EB48B}.Debug-DevApp|Mixed Platforms.ActiveCfg = Debug|Any CPU
		{0619E0E6-1565-47E7-B8FE-F8BD1C8EB48B}.Debug-DevApp|Mixed Platforms.Build.0 = Debug|Any CPU
		{0619E0E6-1565-47E7-B8FE-F8BD1C8EB48B}.Debug-DevApp|x64.ActiveCfg = Debug|Any CPU
		{0619E0E6-1565-47E7-B8FE-F8BD1C8EB48B}.Debug-DevApp|x64.Build.0 = Debug|Any CPU
		{0619E0E6-1565-47E7-B8FE-F8BD1C8EB48B}.Debug-DevApp|x86.ActiveCfg = Debug|Any CPU
		{0619E0E6-1565-47E7-B8FE-F8BD1C8EB48B}.Debug-DevApp|x86.Build.0 = Debug|Any CPU
		{0619E0E6-1565-47E7-B8FE-F8BD1C8EB48B}.Debug-StagingDefaultApp|Any CPU.ActiveCfg = Debug|Any CPU
		{0619E0E6-1565-47E7-B8FE-F8BD1C8EB48B}.Debug-StagingDefaultApp|Any CPU.Build.0 = Debug|Any CPU
		{0619E0E6-1565-47E7-B8FE-F8BD1C8EB48B}.Debug-StagingDefaultApp|Mixed Platforms.ActiveCfg = Debug|Any CPU
		{0619E0E6-1565-47E7-B8FE-F8BD1C8EB48B}.Debug-StagingDefaultApp|Mixed Platforms.Build.0 = Debug|Any CPU
		{0619E0E6-1565-47E7-B8FE-F8BD1C8EB48B}.Debug-StagingDefaultApp|x64.ActiveCfg = Debug|Any CPU
		{0619E0E6-1565-47E7-B8FE-F8BD1C8EB48B}.Debug-StagingDefaultApp|x64.Build.0 = Debug|Any CPU
		{0619E0E6-1565-47E7-B8FE-F8BD1C8EB48B}.Debug-StagingDefaultApp|x86.ActiveCfg = Debug|Any CPU
		{0619E0E6-1565-47E7-B8FE-F8BD1C8EB48B}.Debug-StagingDefaultApp|x86.Build.0 = Debug|Any CPU
		{0619E0E6-1565-47E7-B8FE-F8BD1C8EB48B}.DevDefaultApp|Any CPU.ActiveCfg = Debug|Any CPU
		{0619E0E6-1565-47E7-B8FE-F8BD1C8EB48B}.DevDefaultApp|Any CPU.Build.0 = Debug|Any CPU
		{0619E0E6-1565-47E7-B8FE-F8BD1C8EB48B}.DevDefaultApp|Mixed Platforms.ActiveCfg = Debug|Any CPU
		{0619E0E6-1565-47E7-B8FE-F8BD1C8EB48B}.DevDefaultApp|Mixed Platforms.Build.0 = Debug|Any CPU
		{0619E0E6-1565-47E7-B8FE-F8BD1C8EB48B}.DevDefaultApp|x64.ActiveCfg = Debug|Any CPU
		{0619E0E6-1565-47E7-B8FE-F8BD1C8EB48B}.DevDefaultApp|x64.Build.0 = Debug|Any CPU
		{0619E0E6-1565-47E7-B8FE-F8BD1C8EB48B}.DevDefaultApp|x86.ActiveCfg = Debug|Any CPU
		{0619E0E6-1565-47E7-B8FE-F8BD1C8EB48B}.DevDefaultApp|x86.Build.0 = Debug|Any CPU
		{0619E0E6-1565-47E7-B8FE-F8BD1C8EB48B}.Release|Any CPU.ActiveCfg = Release|Any CPU
		{0619E0E6-1565-47E7-B8FE-F8BD1C8EB48B}.Release|Any CPU.Build.0 = Release|Any CPU
		{0619E0E6-1565-47E7-B8FE-F8BD1C8EB48B}.Release|Mixed Platforms.ActiveCfg = Release|Any CPU
		{0619E0E6-1565-47E7-B8FE-F8BD1C8EB48B}.Release|Mixed Platforms.Build.0 = Release|Any CPU
		{0619E0E6-1565-47E7-B8FE-F8BD1C8EB48B}.Release|x64.ActiveCfg = Release|Any CPU
		{0619E0E6-1565-47E7-B8FE-F8BD1C8EB48B}.Release|x64.Build.0 = Release|Any CPU
		{0619E0E6-1565-47E7-B8FE-F8BD1C8EB48B}.Release|x86.ActiveCfg = Release|Any CPU
		{0619E0E6-1565-47E7-B8FE-F8BD1C8EB48B}.Release|x86.Build.0 = Release|Any CPU
		{0619E0E6-1565-47E7-B8FE-F8BD1C8EB48B}.StagingDefaultApp|Any CPU.ActiveCfg = Release|Any CPU
		{0619E0E6-1565-47E7-B8FE-F8BD1C8EB48B}.StagingDefaultApp|Any CPU.Build.0 = Release|Any CPU
		{0619E0E6-1565-47E7-B8FE-F8BD1C8EB48B}.StagingDefaultApp|Mixed Platforms.ActiveCfg = Release|Any CPU
		{0619E0E6-1565-47E7-B8FE-F8BD1C8EB48B}.StagingDefaultApp|Mixed Platforms.Build.0 = Release|Any CPU
		{0619E0E6-1565-47E7-B8FE-F8BD1C8EB48B}.StagingDefaultApp|x64.ActiveCfg = Release|Any CPU
		{0619E0E6-1565-47E7-B8FE-F8BD1C8EB48B}.StagingDefaultApp|x64.Build.0 = Release|Any CPU
		{0619E0E6-1565-47E7-B8FE-F8BD1C8EB48B}.StagingDefaultApp|x86.ActiveCfg = Release|Any CPU
		{0619E0E6-1565-47E7-B8FE-F8BD1C8EB48B}.StagingDefaultApp|x86.Build.0 = Release|Any CPU
		{46657D07-74BC-4DDC-8FDD-9078EB1A1CD2}.Debug|Any CPU.ActiveCfg = Debug|Any CPU
		{46657D07-74BC-4DDC-8FDD-9078EB1A1CD2}.Debug|Any CPU.Build.0 = Debug|Any CPU
		{46657D07-74BC-4DDC-8FDD-9078EB1A1CD2}.Debug|Mixed Platforms.ActiveCfg = Debug|Any CPU
		{46657D07-74BC-4DDC-8FDD-9078EB1A1CD2}.Debug|Mixed Platforms.Build.0 = Debug|Any CPU
		{46657D07-74BC-4DDC-8FDD-9078EB1A1CD2}.Debug|x64.ActiveCfg = Debug|Any CPU
		{46657D07-74BC-4DDC-8FDD-9078EB1A1CD2}.Debug|x64.Build.0 = Debug|Any CPU
		{46657D07-74BC-4DDC-8FDD-9078EB1A1CD2}.Debug|x86.ActiveCfg = Debug|Any CPU
		{46657D07-74BC-4DDC-8FDD-9078EB1A1CD2}.Debug|x86.Build.0 = Debug|Any CPU
		{46657D07-74BC-4DDC-8FDD-9078EB1A1CD2}.Debug-DevApp|Any CPU.ActiveCfg = Debug|Any CPU
		{46657D07-74BC-4DDC-8FDD-9078EB1A1CD2}.Debug-DevApp|Any CPU.Build.0 = Debug|Any CPU
		{46657D07-74BC-4DDC-8FDD-9078EB1A1CD2}.Debug-DevApp|Mixed Platforms.ActiveCfg = Debug|Any CPU
		{46657D07-74BC-4DDC-8FDD-9078EB1A1CD2}.Debug-DevApp|Mixed Platforms.Build.0 = Debug|Any CPU
		{46657D07-74BC-4DDC-8FDD-9078EB1A1CD2}.Debug-DevApp|x64.ActiveCfg = Debug|Any CPU
		{46657D07-74BC-4DDC-8FDD-9078EB1A1CD2}.Debug-DevApp|x64.Build.0 = Debug|Any CPU
		{46657D07-74BC-4DDC-8FDD-9078EB1A1CD2}.Debug-DevApp|x86.ActiveCfg = Debug|Any CPU
		{46657D07-74BC-4DDC-8FDD-9078EB1A1CD2}.Debug-DevApp|x86.Build.0 = Debug|Any CPU
		{46657D07-74BC-4DDC-8FDD-9078EB1A1CD2}.Debug-StagingDefaultApp|Any CPU.ActiveCfg = Debug|Any CPU
		{46657D07-74BC-4DDC-8FDD-9078EB1A1CD2}.Debug-StagingDefaultApp|Any CPU.Build.0 = Debug|Any CPU
		{46657D07-74BC-4DDC-8FDD-9078EB1A1CD2}.Debug-StagingDefaultApp|Mixed Platforms.ActiveCfg = Debug|Any CPU
		{46657D07-74BC-4DDC-8FDD-9078EB1A1CD2}.Debug-StagingDefaultApp|Mixed Platforms.Build.0 = Debug|Any CPU
		{46657D07-74BC-4DDC-8FDD-9078EB1A1CD2}.Debug-StagingDefaultApp|x64.ActiveCfg = Debug|Any CPU
		{46657D07-74BC-4DDC-8FDD-9078EB1A1CD2}.Debug-StagingDefaultApp|x64.Build.0 = Debug|Any CPU
		{46657D07-74BC-4DDC-8FDD-9078EB1A1CD2}.Debug-StagingDefaultApp|x86.ActiveCfg = Debug|Any CPU
		{46657D07-74BC-4DDC-8FDD-9078EB1A1CD2}.Debug-StagingDefaultApp|x86.Build.0 = Debug|Any CPU
		{46657D07-74BC-4DDC-8FDD-9078EB1A1CD2}.DevDefaultApp|Any CPU.ActiveCfg = Debug|Any CPU
		{46657D07-74BC-4DDC-8FDD-9078EB1A1CD2}.DevDefaultApp|Any CPU.Build.0 = Debug|Any CPU
		{46657D07-74BC-4DDC-8FDD-9078EB1A1CD2}.DevDefaultApp|Mixed Platforms.ActiveCfg = Debug|Any CPU
		{46657D07-74BC-4DDC-8FDD-9078EB1A1CD2}.DevDefaultApp|Mixed Platforms.Build.0 = Debug|Any CPU
		{46657D07-74BC-4DDC-8FDD-9078EB1A1CD2}.DevDefaultApp|x64.ActiveCfg = Debug|Any CPU
		{46657D07-74BC-4DDC-8FDD-9078EB1A1CD2}.DevDefaultApp|x64.Build.0 = Debug|Any CPU
		{46657D07-74BC-4DDC-8FDD-9078EB1A1CD2}.DevDefaultApp|x86.ActiveCfg = Debug|Any CPU
		{46657D07-74BC-4DDC-8FDD-9078EB1A1CD2}.DevDefaultApp|x86.Build.0 = Debug|Any CPU
		{46657D07-74BC-4DDC-8FDD-9078EB1A1CD2}.Release|Any CPU.ActiveCfg = Release|Any CPU
		{46657D07-74BC-4DDC-8FDD-9078EB1A1CD2}.Release|Any CPU.Build.0 = Release|Any CPU
		{46657D07-74BC-4DDC-8FDD-9078EB1A1CD2}.Release|Mixed Platforms.ActiveCfg = Release|Any CPU
		{46657D07-74BC-4DDC-8FDD-9078EB1A1CD2}.Release|Mixed Platforms.Build.0 = Release|Any CPU
		{46657D07-74BC-4DDC-8FDD-9078EB1A1CD2}.Release|x64.ActiveCfg = Release|Any CPU
		{46657D07-74BC-4DDC-8FDD-9078EB1A1CD2}.Release|x64.Build.0 = Release|Any CPU
		{46657D07-74BC-4DDC-8FDD-9078EB1A1CD2}.Release|x86.ActiveCfg = Release|Any CPU
		{46657D07-74BC-4DDC-8FDD-9078EB1A1CD2}.Release|x86.Build.0 = Release|Any CPU
		{46657D07-74BC-4DDC-8FDD-9078EB1A1CD2}.StagingDefaultApp|Any CPU.ActiveCfg = Release|Any CPU
		{46657D07-74BC-4DDC-8FDD-9078EB1A1CD2}.StagingDefaultApp|Any CPU.Build.0 = Release|Any CPU
		{46657D07-74BC-4DDC-8FDD-9078EB1A1CD2}.StagingDefaultApp|Mixed Platforms.ActiveCfg = Release|Any CPU
		{46657D07-74BC-4DDC-8FDD-9078EB1A1CD2}.StagingDefaultApp|Mixed Platforms.Build.0 = Release|Any CPU
		{46657D07-74BC-4DDC-8FDD-9078EB1A1CD2}.StagingDefaultApp|x64.ActiveCfg = Release|Any CPU
		{46657D07-74BC-4DDC-8FDD-9078EB1A1CD2}.StagingDefaultApp|x64.Build.0 = Release|Any CPU
		{46657D07-74BC-4DDC-8FDD-9078EB1A1CD2}.StagingDefaultApp|x86.ActiveCfg = Release|Any CPU
		{46657D07-74BC-4DDC-8FDD-9078EB1A1CD2}.StagingDefaultApp|x86.Build.0 = Release|Any CPU
		{E873F18E-47EF-46A9-AEA1-5A8B0F8BEB01}.Debug|Any CPU.ActiveCfg = Debug|Any CPU
		{E873F18E-47EF-46A9-AEA1-5A8B0F8BEB01}.Debug|Any CPU.Build.0 = Debug|Any CPU
		{E873F18E-47EF-46A9-AEA1-5A8B0F8BEB01}.Debug|Mixed Platforms.ActiveCfg = Debug|x86
		{E873F18E-47EF-46A9-AEA1-5A8B0F8BEB01}.Debug|x64.ActiveCfg = Debug|x64
		{E873F18E-47EF-46A9-AEA1-5A8B0F8BEB01}.Debug|x64.Build.0 = Debug|x64
		{E873F18E-47EF-46A9-AEA1-5A8B0F8BEB01}.Debug|x86.ActiveCfg = Debug|x86
		{E873F18E-47EF-46A9-AEA1-5A8B0F8BEB01}.Debug|x86.Build.0 = Debug|x86
		{E873F18E-47EF-46A9-AEA1-5A8B0F8BEB01}.Debug-DevApp|Any CPU.ActiveCfg = Debug-DevApp|Any CPU
		{E873F18E-47EF-46A9-AEA1-5A8B0F8BEB01}.Debug-DevApp|Any CPU.Build.0 = Debug-DevApp|Any CPU
		{E873F18E-47EF-46A9-AEA1-5A8B0F8BEB01}.Debug-DevApp|Mixed Platforms.ActiveCfg = Debug-DevApp|x86
		{E873F18E-47EF-46A9-AEA1-5A8B0F8BEB01}.Debug-DevApp|Mixed Platforms.Build.0 = Debug-DevApp|x86
		{E873F18E-47EF-46A9-AEA1-5A8B0F8BEB01}.Debug-DevApp|x64.ActiveCfg = Debug-DevApp|x64
		{E873F18E-47EF-46A9-AEA1-5A8B0F8BEB01}.Debug-DevApp|x64.Build.0 = Debug-DevApp|x64
		{E873F18E-47EF-46A9-AEA1-5A8B0F8BEB01}.Debug-DevApp|x86.ActiveCfg = Debug-DevApp|x86
		{E873F18E-47EF-46A9-AEA1-5A8B0F8BEB01}.Debug-DevApp|x86.Build.0 = Debug-DevApp|x86
		{E873F18E-47EF-46A9-AEA1-5A8B0F8BEB01}.Debug-StagingDefaultApp|Any CPU.ActiveCfg = Debug-StagingDefaultApp|Any CPU
		{E873F18E-47EF-46A9-AEA1-5A8B0F8BEB01}.Debug-StagingDefaultApp|Any CPU.Build.0 = Debug-StagingDefaultApp|Any CPU
		{E873F18E-47EF-46A9-AEA1-5A8B0F8BEB01}.Debug-StagingDefaultApp|Mixed Platforms.ActiveCfg = Debug-StagingDefaultApp|x86
		{E873F18E-47EF-46A9-AEA1-5A8B0F8BEB01}.Debug-StagingDefaultApp|Mixed Platforms.Build.0 = Debug-StagingDefaultApp|x86
		{E873F18E-47EF-46A9-AEA1-5A8B0F8BEB01}.Debug-StagingDefaultApp|x64.ActiveCfg = Debug-StagingDefaultApp|x64
		{E873F18E-47EF-46A9-AEA1-5A8B0F8BEB01}.Debug-StagingDefaultApp|x64.Build.0 = Debug-StagingDefaultApp|x64
		{E873F18E-47EF-46A9-AEA1-5A8B0F8BEB01}.Debug-StagingDefaultApp|x86.ActiveCfg = Debug-StagingDefaultApp|x86
		{E873F18E-47EF-46A9-AEA1-5A8B0F8BEB01}.Debug-StagingDefaultApp|x86.Build.0 = Debug-StagingDefaultApp|x86
		{E873F18E-47EF-46A9-AEA1-5A8B0F8BEB01}.DevDefaultApp|Any CPU.ActiveCfg = DevDefaultApp|Any CPU
		{E873F18E-47EF-46A9-AEA1-5A8B0F8BEB01}.DevDefaultApp|Any CPU.Build.0 = DevDefaultApp|Any CPU
		{E873F18E-47EF-46A9-AEA1-5A8B0F8BEB01}.DevDefaultApp|Mixed Platforms.ActiveCfg = DevDefaultApp|x86
		{E873F18E-47EF-46A9-AEA1-5A8B0F8BEB01}.DevDefaultApp|Mixed Platforms.Build.0 = DevDefaultApp|x86
		{E873F18E-47EF-46A9-AEA1-5A8B0F8BEB01}.DevDefaultApp|x64.ActiveCfg = DevDefaultApp|x64
		{E873F18E-47EF-46A9-AEA1-5A8B0F8BEB01}.DevDefaultApp|x64.Build.0 = DevDefaultApp|x64
		{E873F18E-47EF-46A9-AEA1-5A8B0F8BEB01}.DevDefaultApp|x86.ActiveCfg = DevDefaultApp|x86
		{E873F18E-47EF-46A9-AEA1-5A8B0F8BEB01}.DevDefaultApp|x86.Build.0 = DevDefaultApp|x86
		{E873F18E-47EF-46A9-AEA1-5A8B0F8BEB01}.Release|Any CPU.ActiveCfg = Release|Any CPU
		{E873F18E-47EF-46A9-AEA1-5A8B0F8BEB01}.Release|Any CPU.Build.0 = Release|Any CPU
		{E873F18E-47EF-46A9-AEA1-5A8B0F8BEB01}.Release|Mixed Platforms.ActiveCfg = Release|x86
		{E873F18E-47EF-46A9-AEA1-5A8B0F8BEB01}.Release|Mixed Platforms.Build.0 = Release|x86
		{E873F18E-47EF-46A9-AEA1-5A8B0F8BEB01}.Release|x64.ActiveCfg = Release|x64
		{E873F18E-47EF-46A9-AEA1-5A8B0F8BEB01}.Release|x64.Build.0 = Release|x64
		{E873F18E-47EF-46A9-AEA1-5A8B0F8BEB01}.Release|x86.ActiveCfg = Release|x86
		{E873F18E-47EF-46A9-AEA1-5A8B0F8BEB01}.Release|x86.Build.0 = Release|x86
		{E873F18E-47EF-46A9-AEA1-5A8B0F8BEB01}.StagingDefaultApp|Any CPU.ActiveCfg = StagingDefaultApp|Any CPU
		{E873F18E-47EF-46A9-AEA1-5A8B0F8BEB01}.StagingDefaultApp|Any CPU.Build.0 = StagingDefaultApp|Any CPU
		{E873F18E-47EF-46A9-AEA1-5A8B0F8BEB01}.StagingDefaultApp|Mixed Platforms.ActiveCfg = StagingDefaultApp|x86
		{E873F18E-47EF-46A9-AEA1-5A8B0F8BEB01}.StagingDefaultApp|Mixed Platforms.Build.0 = StagingDefaultApp|x86
		{E873F18E-47EF-46A9-AEA1-5A8B0F8BEB01}.StagingDefaultApp|x64.ActiveCfg = StagingDefaultApp|x64
		{E873F18E-47EF-46A9-AEA1-5A8B0F8BEB01}.StagingDefaultApp|x64.Build.0 = StagingDefaultApp|x64
		{E873F18E-47EF-46A9-AEA1-5A8B0F8BEB01}.StagingDefaultApp|x86.ActiveCfg = StagingDefaultApp|x86
		{E873F18E-47EF-46A9-AEA1-5A8B0F8BEB01}.StagingDefaultApp|x86.Build.0 = StagingDefaultApp|x86
		{36E017D4-C4EB-4C0E-8E2B-1F97150B07D9}.Debug|Any CPU.ActiveCfg = Debug|Any CPU
		{36E017D4-C4EB-4C0E-8E2B-1F97150B07D9}.Debug|Any CPU.Build.0 = Debug|Any CPU
		{36E017D4-C4EB-4C0E-8E2B-1F97150B07D9}.Debug|Mixed Platforms.ActiveCfg = Debug|Any CPU
		{36E017D4-C4EB-4C0E-8E2B-1F97150B07D9}.Debug|Mixed Platforms.Build.0 = Debug|Any CPU
		{36E017D4-C4EB-4C0E-8E2B-1F97150B07D9}.Debug|x64.ActiveCfg = Debug|Any CPU
		{36E017D4-C4EB-4C0E-8E2B-1F97150B07D9}.Debug|x64.Build.0 = Debug|Any CPU
		{36E017D4-C4EB-4C0E-8E2B-1F97150B07D9}.Debug|x86.ActiveCfg = Debug|Any CPU
		{36E017D4-C4EB-4C0E-8E2B-1F97150B07D9}.Debug|x86.Build.0 = Debug|Any CPU
		{36E017D4-C4EB-4C0E-8E2B-1F97150B07D9}.Debug-DevApp|Any CPU.ActiveCfg = Debug|Any CPU
		{36E017D4-C4EB-4C0E-8E2B-1F97150B07D9}.Debug-DevApp|Any CPU.Build.0 = Debug|Any CPU
		{36E017D4-C4EB-4C0E-8E2B-1F97150B07D9}.Debug-DevApp|Mixed Platforms.ActiveCfg = Debug|Any CPU
		{36E017D4-C4EB-4C0E-8E2B-1F97150B07D9}.Debug-DevApp|Mixed Platforms.Build.0 = Debug|Any CPU
		{36E017D4-C4EB-4C0E-8E2B-1F97150B07D9}.Debug-DevApp|x64.ActiveCfg = Debug|Any CPU
		{36E017D4-C4EB-4C0E-8E2B-1F97150B07D9}.Debug-DevApp|x64.Build.0 = Debug|Any CPU
		{36E017D4-C4EB-4C0E-8E2B-1F97150B07D9}.Debug-DevApp|x86.ActiveCfg = Debug|Any CPU
		{36E017D4-C4EB-4C0E-8E2B-1F97150B07D9}.Debug-DevApp|x86.Build.0 = Debug|Any CPU
		{36E017D4-C4EB-4C0E-8E2B-1F97150B07D9}.Debug-StagingDefaultApp|Any CPU.ActiveCfg = Debug|Any CPU
		{36E017D4-C4EB-4C0E-8E2B-1F97150B07D9}.Debug-StagingDefaultApp|Any CPU.Build.0 = Debug|Any CPU
		{36E017D4-C4EB-4C0E-8E2B-1F97150B07D9}.Debug-StagingDefaultApp|Mixed Platforms.ActiveCfg = Debug|Any CPU
		{36E017D4-C4EB-4C0E-8E2B-1F97150B07D9}.Debug-StagingDefaultApp|Mixed Platforms.Build.0 = Debug|Any CPU
		{36E017D4-C4EB-4C0E-8E2B-1F97150B07D9}.Debug-StagingDefaultApp|x64.ActiveCfg = Debug|Any CPU
		{36E017D4-C4EB-4C0E-8E2B-1F97150B07D9}.Debug-StagingDefaultApp|x64.Build.0 = Debug|Any CPU
		{36E017D4-C4EB-4C0E-8E2B-1F97150B07D9}.Debug-StagingDefaultApp|x86.ActiveCfg = Debug|Any CPU
		{36E017D4-C4EB-4C0E-8E2B-1F97150B07D9}.Debug-StagingDefaultApp|x86.Build.0 = Debug|Any CPU
		{36E017D4-C4EB-4C0E-8E2B-1F97150B07D9}.DevDefaultApp|Any CPU.ActiveCfg = Debug|Any CPU
		{36E017D4-C4EB-4C0E-8E2B-1F97150B07D9}.DevDefaultApp|Any CPU.Build.0 = Debug|Any CPU
		{36E017D4-C4EB-4C0E-8E2B-1F97150B07D9}.DevDefaultApp|Mixed Platforms.ActiveCfg = Debug|Any CPU
		{36E017D4-C4EB-4C0E-8E2B-1F97150B07D9}.DevDefaultApp|Mixed Platforms.Build.0 = Debug|Any CPU
		{36E017D4-C4EB-4C0E-8E2B-1F97150B07D9}.DevDefaultApp|x64.ActiveCfg = Debug|Any CPU
		{36E017D4-C4EB-4C0E-8E2B-1F97150B07D9}.DevDefaultApp|x64.Build.0 = Debug|Any CPU
		{36E017D4-C4EB-4C0E-8E2B-1F97150B07D9}.DevDefaultApp|x86.ActiveCfg = Debug|Any CPU
		{36E017D4-C4EB-4C0E-8E2B-1F97150B07D9}.DevDefaultApp|x86.Build.0 = Debug|Any CPU
		{36E017D4-C4EB-4C0E-8E2B-1F97150B07D9}.Release|Any CPU.ActiveCfg = Release|Any CPU
		{36E017D4-C4EB-4C0E-8E2B-1F97150B07D9}.Release|Any CPU.Build.0 = Release|Any CPU
		{36E017D4-C4EB-4C0E-8E2B-1F97150B07D9}.Release|Mixed Platforms.ActiveCfg = Release|Any CPU
		{36E017D4-C4EB-4C0E-8E2B-1F97150B07D9}.Release|Mixed Platforms.Build.0 = Release|Any CPU
		{36E017D4-C4EB-4C0E-8E2B-1F97150B07D9}.Release|x64.ActiveCfg = Release|Any CPU
		{36E017D4-C4EB-4C0E-8E2B-1F97150B07D9}.Release|x64.Build.0 = Release|Any CPU
		{36E017D4-C4EB-4C0E-8E2B-1F97150B07D9}.Release|x86.ActiveCfg = Release|Any CPU
		{36E017D4-C4EB-4C0E-8E2B-1F97150B07D9}.Release|x86.Build.0 = Release|Any CPU
		{36E017D4-C4EB-4C0E-8E2B-1F97150B07D9}.StagingDefaultApp|Any CPU.ActiveCfg = Release|Any CPU
		{36E017D4-C4EB-4C0E-8E2B-1F97150B07D9}.StagingDefaultApp|Any CPU.Build.0 = Release|Any CPU
		{36E017D4-C4EB-4C0E-8E2B-1F97150B07D9}.StagingDefaultApp|Mixed Platforms.ActiveCfg = Release|Any CPU
		{36E017D4-C4EB-4C0E-8E2B-1F97150B07D9}.StagingDefaultApp|Mixed Platforms.Build.0 = Release|Any CPU
		{36E017D4-C4EB-4C0E-8E2B-1F97150B07D9}.StagingDefaultApp|x64.ActiveCfg = Release|Any CPU
		{36E017D4-C4EB-4C0E-8E2B-1F97150B07D9}.StagingDefaultApp|x64.Build.0 = Release|Any CPU
		{36E017D4-C4EB-4C0E-8E2B-1F97150B07D9}.StagingDefaultApp|x86.ActiveCfg = Release|Any CPU
		{36E017D4-C4EB-4C0E-8E2B-1F97150B07D9}.StagingDefaultApp|x86.Build.0 = Release|Any CPU
	EndGlobalSection
	GlobalSection(SolutionProperties) = preSolution
		HideSolutionNode = FALSE
	EndGlobalSection
	GlobalSection(TestCaseManagementSettings) = postSolution
		CategoryFile = ccCoreDotnet.vsmdi
	EndGlobalSection
EndGlobal
