Microsoft Visual Studio Solution File, Format Version 12.00
# Visual Studio 14
VisualStudioVersion = 14.0.24720.0
MinimumVisualStudioVersion = 10.0.40219.1
Project("{F184B08F-C81C-45F6-A57F-5ABD9991F28F}") = "clibCore", "clibCore\clibCore.vbproj", "{9814C7BD-200C-4C57-859D-5D81899A3421}"
EndProject
Project("{FAE04EC0-301F-11D3-BF4B-00C04F79EFBC}") = "webClientExt", "webClientExt\webClientExt.csproj", "{41DC21C3-5FA4-43DD-9EEB-DA8964E5CD66}"
EndProject
Project("{2150E333-8FDC-42A3-9474-1A3956D46DE8}") = "Solution Items", "Solution Items", "{00272301-E2B1-4F5A-841E-A7718F0029ED}"
	ProjectSection(SolutionItems) = preProject
		ccCoreDotnet.vsmdi = ccCoreDotnet.vsmdi
		DeadCode.ruleset = DeadCode.ruleset
		Local.testsettings = Local.testsettings
		TraceAndTestImpact.testsettings = TraceAndTestImpact.testsettings
	EndProjectSection
EndProject
Project("{FAE04EC0-301F-11D3-BF4B-00C04F79EFBC}") = "httpModule", "httpModule\httpModule.csproj", "{CB8459CA-3CB6-406B-A712-BE47291473D4}"
EndProject
Project("{F184B08F-C81C-45F6-A57F-5ABD9991F28F}") = "cpBase", "cpBase\cpBase.vbproj", "{E873F18E-47EF-46A9-AEA1-5A8B0F8BEB01}"
EndProject
Project("{F184B08F-C81C-45F6-A57F-5ABD9991F28F}") = "legacyWorker", "clibWorker\legacyWorker.vbproj", "{31EDC921-CD8E-4AE8-B74D-0E1B238192B6}"
EndProject
Project("{F184B08F-C81C-45F6-A57F-5ABD9991F28F}") = "clibService", "clibService\clibService.vbproj", "{11A00FD7-5DAF-46CA-A8DF-7C8426AC4226}"
EndProject
Project("{F184B08F-C81C-45F6-A57F-5ABD9991F28F}") = "monitor", "legacyMonitor\monitor.vbproj", "{45AB15C4-00B1-46D6-9C5B-650A0551CE95}"
EndProject
Project("{F184B08F-C81C-45F6-A57F-5ABD9991F28F}") = "legacyccProcessEmail2", "ccProcessEmail2\legacyccProcessEmail2.vbproj", "{C96ED16C-2179-4434-9EF6-D3B02ECED60E}"
EndProject
Project("{F184B08F-C81C-45F6-A57F-5ABD9991F28F}") = "legacyccHouseKeep", "legacyccHouseKeep\legacyccHouseKeep.vbproj", "{C0A436EB-B4B4-4D16-AF1C-1663427D09A4}"
EndProject
Project("{F184B08F-C81C-45F6-A57F-5ABD9991F28F}") = "legacyccTasks", "legacyccTasks\legacyccTasks.vbproj", "{21D358F3-184A-4B8F-AD05-814C1E92731E}"
EndProject
Project("{F184B08F-C81C-45F6-A57F-5ABD9991F28F}") = "legacyccCmd", "legacyccCmd\legacyccCmd.vbproj", "{18117558-373E-4C4E-94E5-188AE322F575}"
EndProject
Project("{FAE04EC0-301F-11D3-BF4B-00C04F79EFBC}") = "clib", "clib\clib.csproj", "{744280CA-E8A3-4B6A-BA3F-2BF638433F65}"
EndProject
Project("{F184B08F-C81C-45F6-A57F-5ABD9991F28F}") = "aspnetDefaultApp", "aspnetDefaultApp\aspnetDefaultApp.vbproj", "{9DB3DACD-45E8-496B-96DA-F939ABE7DB34}"
EndProject
Project("{54435603-DBB4-11D2-8724-00A0C9A8B90C}") = "setup", "setup\setup.vdproj", "{864A297F-BFEE-4ADA-9936-DEEEF0824D2B}"
EndProject
Project("{FAE04EC0-301F-11D3-BF4B-00C04F79EFBC}") = "clibTaskHost", "clibTaskHost\clibTaskHost.csproj", "{4C879D9E-C3AB-4968-86FD-34EA74303E90}"
EndProject
Project("{FAE04EC0-301F-11D3-BF4B-00C04F79EFBC}") = "integrationTests", "TestIntegration2\integrationTests.csproj", "{A5AC1D36-6D5A-41F3-9F9E-6A7CFBAE554F}"
EndProject
Project("{F184B08F-C81C-45F6-A57F-5ABD9991F28F}") = "integrationTestsVb", "integrationTestsVb\integrationTestsVb.vbproj", "{F043CBB8-A557-4592-8946-0DC05CDB86CD}"
EndProject
Global
	GlobalSection(SolutionConfigurationPlatforms) = preSolution
		Debug|Any CPU = Debug|Any CPU
		Debug|Mixed Platforms = Debug|Mixed Platforms
		Debug|x64 = Debug|x64
		Debug|x86 = Debug|x86
		Release|Any CPU = Release|Any CPU
		Release|Mixed Platforms = Release|Mixed Platforms
		Release|x64 = Release|x64
		Release|x86 = Release|x86
	EndGlobalSection
	GlobalSection(ProjectConfigurationPlatforms) = postSolution
		{9814C7BD-200C-4C57-859D-5D81899A3421}.Debug|Any CPU.ActiveCfg = Debug|Any CPU
		{9814C7BD-200C-4C57-859D-5D81899A3421}.Debug|Any CPU.Build.0 = Debug|Any CPU
		{9814C7BD-200C-4C57-859D-5D81899A3421}.Debug|Mixed Platforms.ActiveCfg = Debug|Any CPU
		{9814C7BD-200C-4C57-859D-5D81899A3421}.Debug|Mixed Platforms.Build.0 = Debug|Any CPU
		{9814C7BD-200C-4C57-859D-5D81899A3421}.Debug|x64.ActiveCfg = Debug|x64
		{9814C7BD-200C-4C57-859D-5D81899A3421}.Debug|x64.Build.0 = Debug|x64
		{9814C7BD-200C-4C57-859D-5D81899A3421}.Debug|x86.ActiveCfg = Debug|x86
		{9814C7BD-200C-4C57-859D-5D81899A3421}.Debug|x86.Build.0 = Debug|x86
		{9814C7BD-200C-4C57-859D-5D81899A3421}.Release|Any CPU.ActiveCfg = Release|Any CPU
		{9814C7BD-200C-4C57-859D-5D81899A3421}.Release|Any CPU.Build.0 = Release|Any CPU
		{9814C7BD-200C-4C57-859D-5D81899A3421}.Release|Mixed Platforms.ActiveCfg = Release|x86
		{9814C7BD-200C-4C57-859D-5D81899A3421}.Release|Mixed Platforms.Build.0 = Release|x86
		{9814C7BD-200C-4C57-859D-5D81899A3421}.Release|x64.ActiveCfg = Release|x86
		{9814C7BD-200C-4C57-859D-5D81899A3421}.Release|x86.ActiveCfg = Release|x86
		{9814C7BD-200C-4C57-859D-5D81899A3421}.Release|x86.Build.0 = Release|x86
		{41DC21C3-5FA4-43DD-9EEB-DA8964E5CD66}.Debug|Any CPU.ActiveCfg = Debug|Any CPU
		{41DC21C3-5FA4-43DD-9EEB-DA8964E5CD66}.Debug|Any CPU.Build.0 = Debug|Any CPU
		{41DC21C3-5FA4-43DD-9EEB-DA8964E5CD66}.Debug|Mixed Platforms.ActiveCfg = Debug|Any CPU
		{41DC21C3-5FA4-43DD-9EEB-DA8964E5CD66}.Debug|Mixed Platforms.Build.0 = Debug|Any CPU
		{41DC21C3-5FA4-43DD-9EEB-DA8964E5CD66}.Debug|x64.ActiveCfg = Debug|x64
		{41DC21C3-5FA4-43DD-9EEB-DA8964E5CD66}.Debug|x64.Build.0 = Debug|x64
		{41DC21C3-5FA4-43DD-9EEB-DA8964E5CD66}.Debug|x86.ActiveCfg = Debug|x86
		{41DC21C3-5FA4-43DD-9EEB-DA8964E5CD66}.Debug|x86.Build.0 = Debug|x86
		{41DC21C3-5FA4-43DD-9EEB-DA8964E5CD66}.Release|Any CPU.ActiveCfg = Release|Any CPU
		{41DC21C3-5FA4-43DD-9EEB-DA8964E5CD66}.Release|Any CPU.Build.0 = Release|Any CPU
		{41DC21C3-5FA4-43DD-9EEB-DA8964E5CD66}.Release|Mixed Platforms.ActiveCfg = Release|x86
		{41DC21C3-5FA4-43DD-9EEB-DA8964E5CD66}.Release|Mixed Platforms.Build.0 = Release|x86
		{41DC21C3-5FA4-43DD-9EEB-DA8964E5CD66}.Release|x64.ActiveCfg = Release|x86
		{41DC21C3-5FA4-43DD-9EEB-DA8964E5CD66}.Release|x86.ActiveCfg = Release|x86
		{41DC21C3-5FA4-43DD-9EEB-DA8964E5CD66}.Release|x86.Build.0 = Release|x86
		{CB8459CA-3CB6-406B-A712-BE47291473D4}.Debug|Any CPU.ActiveCfg = Debug|Any CPU
		{CB8459CA-3CB6-406B-A712-BE47291473D4}.Debug|Any CPU.Build.0 = Debug|Any CPU
		{CB8459CA-3CB6-406B-A712-BE47291473D4}.Debug|Mixed Platforms.ActiveCfg = Debug|Any CPU
		{CB8459CA-3CB6-406B-A712-BE47291473D4}.Debug|Mixed Platforms.Build.0 = Debug|Any CPU
		{CB8459CA-3CB6-406B-A712-BE47291473D4}.Debug|x64.ActiveCfg = Debug|x64
		{CB8459CA-3CB6-406B-A712-BE47291473D4}.Debug|x64.Build.0 = Debug|x64
		{CB8459CA-3CB6-406B-A712-BE47291473D4}.Debug|x86.ActiveCfg = Debug|x86
		{CB8459CA-3CB6-406B-A712-BE47291473D4}.Debug|x86.Build.0 = Debug|x86
		{CB8459CA-3CB6-406B-A712-BE47291473D4}.Release|Any CPU.ActiveCfg = Release|Any CPU
		{CB8459CA-3CB6-406B-A712-BE47291473D4}.Release|Any CPU.Build.0 = Release|Any CPU
		{CB8459CA-3CB6-406B-A712-BE47291473D4}.Release|Mixed Platforms.ActiveCfg = Release|Any CPU
		{CB8459CA-3CB6-406B-A712-BE47291473D4}.Release|Mixed Platforms.Build.0 = Release|Any CPU
		{CB8459CA-3CB6-406B-A712-BE47291473D4}.Release|x64.ActiveCfg = Release|x64
		{CB8459CA-3CB6-406B-A712-BE47291473D4}.Release|x64.Build.0 = Release|x64
		{CB8459CA-3CB6-406B-A712-BE47291473D4}.Release|x86.ActiveCfg = Release|Any CPU
		{E873F18E-47EF-46A9-AEA1-5A8B0F8BEB01}.Debug|Any CPU.ActiveCfg = Debug|Any CPU
		{E873F18E-47EF-46A9-AEA1-5A8B0F8BEB01}.Debug|Any CPU.Build.0 = Debug|Any CPU
		{E873F18E-47EF-46A9-AEA1-5A8B0F8BEB01}.Debug|Mixed Platforms.ActiveCfg = Debug|Any CPU
		{E873F18E-47EF-46A9-AEA1-5A8B0F8BEB01}.Debug|Mixed Platforms.Build.0 = Debug|Any CPU
		{E873F18E-47EF-46A9-AEA1-5A8B0F8BEB01}.Debug|x64.ActiveCfg = Debug|x64
		{E873F18E-47EF-46A9-AEA1-5A8B0F8BEB01}.Debug|x64.Build.0 = Debug|x64
		{E873F18E-47EF-46A9-AEA1-5A8B0F8BEB01}.Debug|x86.ActiveCfg = Debug|x86
		{E873F18E-47EF-46A9-AEA1-5A8B0F8BEB01}.Debug|x86.Build.0 = Debug|x86
		{E873F18E-47EF-46A9-AEA1-5A8B0F8BEB01}.Release|Any CPU.ActiveCfg = Release|Any CPU
		{E873F18E-47EF-46A9-AEA1-5A8B0F8BEB01}.Release|Any CPU.Build.0 = Release|Any CPU
		{E873F18E-47EF-46A9-AEA1-5A8B0F8BEB01}.Release|Mixed Platforms.ActiveCfg = Release|x86
		{E873F18E-47EF-46A9-AEA1-5A8B0F8BEB01}.Release|Mixed Platforms.Build.0 = Release|x86
		{E873F18E-47EF-46A9-AEA1-5A8B0F8BEB01}.Release|x64.ActiveCfg = Release|x64
		{E873F18E-47EF-46A9-AEA1-5A8B0F8BEB01}.Release|x64.Build.0 = Release|x64
		{E873F18E-47EF-46A9-AEA1-5A8B0F8BEB01}.Release|x86.ActiveCfg = Release|x86
		{E873F18E-47EF-46A9-AEA1-5A8B0F8BEB01}.Release|x86.Build.0 = Release|x86
		{31EDC921-CD8E-4AE8-B74D-0E1B238192B6}.Debug|Any CPU.ActiveCfg = Debug|Any CPU
		{31EDC921-CD8E-4AE8-B74D-0E1B238192B6}.Debug|Any CPU.Build.0 = Debug|Any CPU
		{31EDC921-CD8E-4AE8-B74D-0E1B238192B6}.Debug|Mixed Platforms.ActiveCfg = Debug|Any CPU
		{31EDC921-CD8E-4AE8-B74D-0E1B238192B6}.Debug|Mixed Platforms.Build.0 = Debug|Any CPU
		{31EDC921-CD8E-4AE8-B74D-0E1B238192B6}.Debug|x64.ActiveCfg = Debug|x64
		{31EDC921-CD8E-4AE8-B74D-0E1B238192B6}.Debug|x64.Build.0 = Debug|x64
		{31EDC921-CD8E-4AE8-B74D-0E1B238192B6}.Debug|x86.ActiveCfg = Debug|x86
		{31EDC921-CD8E-4AE8-B74D-0E1B238192B6}.Debug|x86.Build.0 = Debug|x86
		{31EDC921-CD8E-4AE8-B74D-0E1B238192B6}.Release|Any CPU.ActiveCfg = Release|Any CPU
		{31EDC921-CD8E-4AE8-B74D-0E1B238192B6}.Release|Any CPU.Build.0 = Release|Any CPU
		{31EDC921-CD8E-4AE8-B74D-0E1B238192B6}.Release|Mixed Platforms.ActiveCfg = Release|x86
		{31EDC921-CD8E-4AE8-B74D-0E1B238192B6}.Release|Mixed Platforms.Build.0 = Release|x86
		{31EDC921-CD8E-4AE8-B74D-0E1B238192B6}.Release|x64.ActiveCfg = Release|x86
		{31EDC921-CD8E-4AE8-B74D-0E1B238192B6}.Release|x86.ActiveCfg = Release|x86
		{31EDC921-CD8E-4AE8-B74D-0E1B238192B6}.Release|x86.Build.0 = Release|x86
		{11A00FD7-5DAF-46CA-A8DF-7C8426AC4226}.Debug|Any CPU.ActiveCfg = Debug|Any CPU
		{11A00FD7-5DAF-46CA-A8DF-7C8426AC4226}.Debug|Any CPU.Build.0 = Debug|Any CPU
		{11A00FD7-5DAF-46CA-A8DF-7C8426AC4226}.Debug|Mixed Platforms.ActiveCfg = Debug|x86
		{11A00FD7-5DAF-46CA-A8DF-7C8426AC4226}.Debug|Mixed Platforms.Build.0 = Debug|x86
		{11A00FD7-5DAF-46CA-A8DF-7C8426AC4226}.Debug|x64.ActiveCfg = Debug|x64
		{11A00FD7-5DAF-46CA-A8DF-7C8426AC4226}.Debug|x64.Build.0 = Debug|x64
		{11A00FD7-5DAF-46CA-A8DF-7C8426AC4226}.Debug|x86.ActiveCfg = Debug|x86
		{11A00FD7-5DAF-46CA-A8DF-7C8426AC4226}.Debug|x86.Build.0 = Debug|x86
		{11A00FD7-5DAF-46CA-A8DF-7C8426AC4226}.Release|Any CPU.ActiveCfg = Release|Any CPU
		{11A00FD7-5DAF-46CA-A8DF-7C8426AC4226}.Release|Any CPU.Build.0 = Release|Any CPU
		{11A00FD7-5DAF-46CA-A8DF-7C8426AC4226}.Release|Mixed Platforms.ActiveCfg = Release|x86
		{11A00FD7-5DAF-46CA-A8DF-7C8426AC4226}.Release|Mixed Platforms.Build.0 = Release|x86
		{11A00FD7-5DAF-46CA-A8DF-7C8426AC4226}.Release|x64.ActiveCfg = Release|x86
		{11A00FD7-5DAF-46CA-A8DF-7C8426AC4226}.Release|x86.ActiveCfg = Release|x86
		{11A00FD7-5DAF-46CA-A8DF-7C8426AC4226}.Release|x86.Build.0 = Release|x86
		{45AB15C4-00B1-46D6-9C5B-650A0551CE95}.Debug|Any CPU.ActiveCfg = Debug|Any CPU
		{45AB15C4-00B1-46D6-9C5B-650A0551CE95}.Debug|Any CPU.Build.0 = Debug|Any CPU
		{45AB15C4-00B1-46D6-9C5B-650A0551CE95}.Debug|Mixed Platforms.ActiveCfg = Debug|Any CPU
		{45AB15C4-00B1-46D6-9C5B-650A0551CE95}.Debug|Mixed Platforms.Build.0 = Debug|Any CPU
		{45AB15C4-00B1-46D6-9C5B-650A0551CE95}.Debug|x64.ActiveCfg = Debug|x64
		{45AB15C4-00B1-46D6-9C5B-650A0551CE95}.Debug|x64.Build.0 = Debug|x64
		{45AB15C4-00B1-46D6-9C5B-650A0551CE95}.Debug|x86.ActiveCfg = Debug|x86
		{45AB15C4-00B1-46D6-9C5B-650A0551CE95}.Debug|x86.Build.0 = Debug|x86
		{45AB15C4-00B1-46D6-9C5B-650A0551CE95}.Release|Any CPU.ActiveCfg = Release|Any CPU
		{45AB15C4-00B1-46D6-9C5B-650A0551CE95}.Release|Any CPU.Build.0 = Release|Any CPU
		{45AB15C4-00B1-46D6-9C5B-650A0551CE95}.Release|Mixed Platforms.ActiveCfg = Release|x86
		{45AB15C4-00B1-46D6-9C5B-650A0551CE95}.Release|Mixed Platforms.Build.0 = Release|x86
		{45AB15C4-00B1-46D6-9C5B-650A0551CE95}.Release|x64.ActiveCfg = Release|x64
		{45AB15C4-00B1-46D6-9C5B-650A0551CE95}.Release|x64.Build.0 = Release|x64
		{45AB15C4-00B1-46D6-9C5B-650A0551CE95}.Release|x86.ActiveCfg = Release|x86
		{45AB15C4-00B1-46D6-9C5B-650A0551CE95}.Release|x86.Build.0 = Release|x86
		{C96ED16C-2179-4434-9EF6-D3B02ECED60E}.Debug|Any CPU.ActiveCfg = Debug|Any CPU
		{C96ED16C-2179-4434-9EF6-D3B02ECED60E}.Debug|Any CPU.Build.0 = Debug|Any CPU
		{C96ED16C-2179-4434-9EF6-D3B02ECED60E}.Debug|Mixed Platforms.ActiveCfg = Debug|x86
		{C96ED16C-2179-4434-9EF6-D3B02ECED60E}.Debug|Mixed Platforms.Build.0 = Debug|x86
		{C96ED16C-2179-4434-9EF6-D3B02ECED60E}.Debug|x64.ActiveCfg = Debug|x64
		{C96ED16C-2179-4434-9EF6-D3B02ECED60E}.Debug|x64.Build.0 = Debug|x64
		{C96ED16C-2179-4434-9EF6-D3B02ECED60E}.Debug|x86.ActiveCfg = Debug|x86
		{C96ED16C-2179-4434-9EF6-D3B02ECED60E}.Debug|x86.Build.0 = Debug|x86
		{C96ED16C-2179-4434-9EF6-D3B02ECED60E}.Release|Any CPU.ActiveCfg = Release|Any CPU
		{C96ED16C-2179-4434-9EF6-D3B02ECED60E}.Release|Any CPU.Build.0 = Release|Any CPU
		{C96ED16C-2179-4434-9EF6-D3B02ECED60E}.Release|Mixed Platforms.ActiveCfg = Release|x86
		{C96ED16C-2179-4434-9EF6-D3B02ECED60E}.Release|Mixed Platforms.Build.0 = Release|x86
		{C96ED16C-2179-4434-9EF6-D3B02ECED60E}.Release|x64.ActiveCfg = Release|x64
		{C96ED16C-2179-4434-9EF6-D3B02ECED60E}.Release|x64.Build.0 = Release|x64
		{C96ED16C-2179-4434-9EF6-D3B02ECED60E}.Release|x86.ActiveCfg = Release|x86
		{C96ED16C-2179-4434-9EF6-D3B02ECED60E}.Release|x86.Build.0 = Release|x86
		{C0A436EB-B4B4-4D16-AF1C-1663427D09A4}.Debug|Any CPU.ActiveCfg = Debug|Any CPU
		{C0A436EB-B4B4-4D16-AF1C-1663427D09A4}.Debug|Any CPU.Build.0 = Debug|Any CPU
		{C0A436EB-B4B4-4D16-AF1C-1663427D09A4}.Debug|Mixed Platforms.ActiveCfg = Debug|x86
		{C0A436EB-B4B4-4D16-AF1C-1663427D09A4}.Debug|Mixed Platforms.Build.0 = Debug|x86
		{C0A436EB-B4B4-4D16-AF1C-1663427D09A4}.Debug|x64.ActiveCfg = Debug|x64
		{C0A436EB-B4B4-4D16-AF1C-1663427D09A4}.Debug|x64.Build.0 = Debug|x64
		{C0A436EB-B4B4-4D16-AF1C-1663427D09A4}.Debug|x86.ActiveCfg = Debug|x86
		{C0A436EB-B4B4-4D16-AF1C-1663427D09A4}.Debug|x86.Build.0 = Debug|x86
		{C0A436EB-B4B4-4D16-AF1C-1663427D09A4}.Release|Any CPU.ActiveCfg = Release|Any CPU
		{C0A436EB-B4B4-4D16-AF1C-1663427D09A4}.Release|Any CPU.Build.0 = Release|Any CPU
		{C0A436EB-B4B4-4D16-AF1C-1663427D09A4}.Release|Mixed Platforms.ActiveCfg = Release|x86
		{C0A436EB-B4B4-4D16-AF1C-1663427D09A4}.Release|Mixed Platforms.Build.0 = Release|x86
		{C0A436EB-B4B4-4D16-AF1C-1663427D09A4}.Release|x64.ActiveCfg = Release|x64
		{C0A436EB-B4B4-4D16-AF1C-1663427D09A4}.Release|x64.Build.0 = Release|x64
		{C0A436EB-B4B4-4D16-AF1C-1663427D09A4}.Release|x86.ActiveCfg = Release|x86
		{C0A436EB-B4B4-4D16-AF1C-1663427D09A4}.Release|x86.Build.0 = Release|x86
		{21D358F3-184A-4B8F-AD05-814C1E92731E}.Debug|Any CPU.ActiveCfg = Debug|Any CPU
		{21D358F3-184A-4B8F-AD05-814C1E92731E}.Debug|Any CPU.Build.0 = Debug|Any CPU
		{21D358F3-184A-4B8F-AD05-814C1E92731E}.Debug|Mixed Platforms.ActiveCfg = Debug|x86
		{21D358F3-184A-4B8F-AD05-814C1E92731E}.Debug|Mixed Platforms.Build.0 = Debug|x86
		{21D358F3-184A-4B8F-AD05-814C1E92731E}.Debug|x64.ActiveCfg = Debug|x64
		{21D358F3-184A-4B8F-AD05-814C1E92731E}.Debug|x64.Build.0 = Debug|x64
		{21D358F3-184A-4B8F-AD05-814C1E92731E}.Debug|x86.ActiveCfg = Debug|x86
		{21D358F3-184A-4B8F-AD05-814C1E92731E}.Debug|x86.Build.0 = Debug|x86
		{21D358F3-184A-4B8F-AD05-814C1E92731E}.Release|Any CPU.ActiveCfg = Release|Any CPU
		{21D358F3-184A-4B8F-AD05-814C1E92731E}.Release|Any CPU.Build.0 = Release|Any CPU
		{21D358F3-184A-4B8F-AD05-814C1E92731E}.Release|Mixed Platforms.ActiveCfg = Release|x86
		{21D358F3-184A-4B8F-AD05-814C1E92731E}.Release|Mixed Platforms.Build.0 = Release|x86
		{21D358F3-184A-4B8F-AD05-814C1E92731E}.Release|x64.ActiveCfg = Release|x64
		{21D358F3-184A-4B8F-AD05-814C1E92731E}.Release|x64.Build.0 = Release|x64
		{21D358F3-184A-4B8F-AD05-814C1E92731E}.Release|x86.ActiveCfg = Release|x86
		{21D358F3-184A-4B8F-AD05-814C1E92731E}.Release|x86.Build.0 = Release|x86
		{18117558-373E-4C4E-94E5-188AE322F575}.Debug|Any CPU.ActiveCfg = Debug|Any CPU
		{18117558-373E-4C4E-94E5-188AE322F575}.Debug|Any CPU.Build.0 = Debug|Any CPU
		{18117558-373E-4C4E-94E5-188AE322F575}.Debug|Mixed Platforms.ActiveCfg = Debug|x86
		{18117558-373E-4C4E-94E5-188AE322F575}.Debug|Mixed Platforms.Build.0 = Debug|x86
		{18117558-373E-4C4E-94E5-188AE322F575}.Debug|x64.ActiveCfg = Debug|x64
		{18117558-373E-4C4E-94E5-188AE322F575}.Debug|x64.Build.0 = Debug|x64
		{18117558-373E-4C4E-94E5-188AE322F575}.Debug|x86.ActiveCfg = Debug|x86
		{18117558-373E-4C4E-94E5-188AE322F575}.Debug|x86.Build.0 = Debug|x86
		{18117558-373E-4C4E-94E5-188AE322F575}.Release|Any CPU.ActiveCfg = Release|Any CPU
		{18117558-373E-4C4E-94E5-188AE322F575}.Release|Any CPU.Build.0 = Release|Any CPU
		{18117558-373E-4C4E-94E5-188AE322F575}.Release|Mixed Platforms.ActiveCfg = Release|x86
		{18117558-373E-4C4E-94E5-188AE322F575}.Release|Mixed Platforms.Build.0 = Release|x86
		{18117558-373E-4C4E-94E5-188AE322F575}.Release|x64.ActiveCfg = Release|x64
		{18117558-373E-4C4E-94E5-188AE322F575}.Release|x64.Build.0 = Release|x64
		{18117558-373E-4C4E-94E5-188AE322F575}.Release|x86.ActiveCfg = Release|x86
		{18117558-373E-4C4E-94E5-188AE322F575}.Release|x86.Build.0 = Release|x86
		{744280CA-E8A3-4B6A-BA3F-2BF638433F65}.Debug|Any CPU.ActiveCfg = Debug|Any CPU
		{744280CA-E8A3-4B6A-BA3F-2BF638433F65}.Debug|Any CPU.Build.0 = Debug|Any CPU
		{744280CA-E8A3-4B6A-BA3F-2BF638433F65}.Debug|Mixed Platforms.ActiveCfg = Debug|x86
		{744280CA-E8A3-4B6A-BA3F-2BF638433F65}.Debug|Mixed Platforms.Build.0 = Debug|x86
		{744280CA-E8A3-4B6A-BA3F-2BF638433F65}.Debug|x64.ActiveCfg = Debug|x64
		{744280CA-E8A3-4B6A-BA3F-2BF638433F65}.Debug|x64.Build.0 = Debug|x64
		{744280CA-E8A3-4B6A-BA3F-2BF638433F65}.Debug|x86.ActiveCfg = Debug|x86
		{744280CA-E8A3-4B6A-BA3F-2BF638433F65}.Debug|x86.Build.0 = Debug|x86
		{744280CA-E8A3-4B6A-BA3F-2BF638433F65}.Release|Any CPU.ActiveCfg = Release|Any CPU
		{744280CA-E8A3-4B6A-BA3F-2BF638433F65}.Release|Any CPU.Build.0 = Release|Any CPU
		{744280CA-E8A3-4B6A-BA3F-2BF638433F65}.Release|Mixed Platforms.ActiveCfg = Release|x86
		{744280CA-E8A3-4B6A-BA3F-2BF638433F65}.Release|Mixed Platforms.Build.0 = Release|x86
		{744280CA-E8A3-4B6A-BA3F-2BF638433F65}.Release|x64.ActiveCfg = Release|x86
		{744280CA-E8A3-4B6A-BA3F-2BF638433F65}.Release|x86.ActiveCfg = Release|x86
		{744280CA-E8A3-4B6A-BA3F-2BF638433F65}.Release|x86.Build.0 = Release|x86
		{9DB3DACD-45E8-496B-96DA-F939ABE7DB34}.Debug|Any CPU.ActiveCfg = Debug|Any CPU
		{9DB3DACD-45E8-496B-96DA-F939ABE7DB34}.Debug|Any CPU.Build.0 = Debug|Any CPU
		{9DB3DACD-45E8-496B-96DA-F939ABE7DB34}.Debug|Any CPU.Deploy.0 = Debug|Any CPU
		{9DB3DACD-45E8-496B-96DA-F939ABE7DB34}.Debug|Mixed Platforms.ActiveCfg = Debug|Any CPU
		{9DB3DACD-45E8-496B-96DA-F939ABE7DB34}.Debug|Mixed Platforms.Build.0 = Debug|Any CPU
		{9DB3DACD-45E8-496B-96DA-F939ABE7DB34}.Debug|x64.ActiveCfg = Debug|Any CPU
		{9DB3DACD-45E8-496B-96DA-F939ABE7DB34}.Debug|x86.ActiveCfg = Debug|x86
		{9DB3DACD-45E8-496B-96DA-F939ABE7DB34}.Debug|x86.Build.0 = Debug|x86
		{9DB3DACD-45E8-496B-96DA-F939ABE7DB34}.Release|Any CPU.ActiveCfg = Release|Any CPU
		{9DB3DACD-45E8-496B-96DA-F939ABE7DB34}.Release|Any CPU.Build.0 = Release|Any CPU
		{9DB3DACD-45E8-496B-96DA-F939ABE7DB34}.Release|Mixed Platforms.ActiveCfg = Release|Any CPU
		{9DB3DACD-45E8-496B-96DA-F939ABE7DB34}.Release|Mixed Platforms.Build.0 = Release|Any CPU
		{9DB3DACD-45E8-496B-96DA-F939ABE7DB34}.Release|x64.ActiveCfg = Release|Any CPU
		{9DB3DACD-45E8-496B-96DA-F939ABE7DB34}.Release|x86.ActiveCfg = Release|Any CPU
		{864A297F-BFEE-4ADA-9936-DEEEF0824D2B}.Debug|Any CPU.ActiveCfg = Debug
		{864A297F-BFEE-4ADA-9936-DEEEF0824D2B}.Debug|Mixed Platforms.ActiveCfg = Debug
		{864A297F-BFEE-4ADA-9936-DEEEF0824D2B}.Debug|x64.ActiveCfg = Debug
		{864A297F-BFEE-4ADA-9936-DEEEF0824D2B}.Debug|x86.ActiveCfg = Debug
		{864A297F-BFEE-4ADA-9936-DEEEF0824D2B}.Release|Any CPU.ActiveCfg = Release
		{864A297F-BFEE-4ADA-9936-DEEEF0824D2B}.Release|Mixed Platforms.ActiveCfg = Release
		{864A297F-BFEE-4ADA-9936-DEEEF0824D2B}.Release|x64.ActiveCfg = Release
		{864A297F-BFEE-4ADA-9936-DEEEF0824D2B}.Release|x86.ActiveCfg = Release
		{4C879D9E-C3AB-4968-86FD-34EA74303E90}.Debug|Any CPU.ActiveCfg = Debug|Any CPU
		{4C879D9E-C3AB-4968-86FD-34EA74303E90}.Debug|Any CPU.Build.0 = Debug|Any CPU
		{4C879D9E-C3AB-4968-86FD-34EA74303E90}.Debug|Mixed Platforms.ActiveCfg = Debug|Any CPU
		{4C879D9E-C3AB-4968-86FD-34EA74303E90}.Debug|Mixed Platforms.Build.0 = Debug|Any CPU
		{4C879D9E-C3AB-4968-86FD-34EA74303E90}.Debug|x64.ActiveCfg = Debug|Any CPU
		{4C879D9E-C3AB-4968-86FD-34EA74303E90}.Debug|x64.Build.0 = Debug|Any CPU
		{4C879D9E-C3AB-4968-86FD-34EA74303E90}.Debug|x86.ActiveCfg = Debug|Any CPU
		{4C879D9E-C3AB-4968-86FD-34EA74303E90}.Debug|x86.Build.0 = Debug|Any CPU
		{4C879D9E-C3AB-4968-86FD-34EA74303E90}.Release|Any CPU.ActiveCfg = Release|Any CPU
		{4C879D9E-C3AB-4968-86FD-34EA74303E90}.Release|Any CPU.Build.0 = Release|Any CPU
		{4C879D9E-C3AB-4968-86FD-34EA74303E90}.Release|Mixed Platforms.ActiveCfg = Release|Any CPU
		{4C879D9E-C3AB-4968-86FD-34EA74303E90}.Release|Mixed Platforms.Build.0 = Release|Any CPU
		{4C879D9E-C3AB-4968-86FD-34EA74303E90}.Release|x64.ActiveCfg = Release|Any CPU
		{4C879D9E-C3AB-4968-86FD-34EA74303E90}.Release|x64.Build.0 = Release|Any CPU
		{4C879D9E-C3AB-4968-86FD-34EA74303E90}.Release|x86.ActiveCfg = Release|Any CPU
		{4C879D9E-C3AB-4968-86FD-34EA74303E90}.Release|x86.Build.0 = Release|Any CPU
		{A5AC1D36-6D5A-41F3-9F9E-6A7CFBAE554F}.Debug|Any CPU.ActiveCfg = Debug|Any CPU
		{A5AC1D36-6D5A-41F3-9F9E-6A7CFBAE554F}.Debug|Any CPU.Build.0 = Debug|Any CPU
		{A5AC1D36-6D5A-41F3-9F9E-6A7CFBAE554F}.Debug|Mixed Platforms.ActiveCfg = Debug|Any CPU
		{A5AC1D36-6D5A-41F3-9F9E-6A7CFBAE554F}.Debug|Mixed Platforms.Build.0 = Debug|Any CPU
		{A5AC1D36-6D5A-41F3-9F9E-6A7CFBAE554F}.Debug|x64.ActiveCfg = Debug|Any CPU
		{A5AC1D36-6D5A-41F3-9F9E-6A7CFBAE554F}.Debug|x64.Build.0 = Debug|Any CPU
		{A5AC1D36-6D5A-41F3-9F9E-6A7CFBAE554F}.Debug|x86.ActiveCfg = Debug|Any CPU
		{A5AC1D36-6D5A-41F3-9F9E-6A7CFBAE554F}.Debug|x86.Build.0 = Debug|Any CPU
		{A5AC1D36-6D5A-41F3-9F9E-6A7CFBAE554F}.Release|Any CPU.ActiveCfg = Release|Any CPU
		{A5AC1D36-6D5A-41F3-9F9E-6A7CFBAE554F}.Release|Any CPU.Build.0 = Release|Any CPU
		{A5AC1D36-6D5A-41F3-9F9E-6A7CFBAE554F}.Release|Mixed Platforms.ActiveCfg = Release|Any CPU
		{A5AC1D36-6D5A-41F3-9F9E-6A7CFBAE554F}.Release|Mixed Platforms.Build.0 = Release|Any CPU
		{A5AC1D36-6D5A-41F3-9F9E-6A7CFBAE554F}.Release|x64.ActiveCfg = Release|Any CPU
		{A5AC1D36-6D5A-41F3-9F9E-6A7CFBAE554F}.Release|x64.Build.0 = Release|Any CPU
		{A5AC1D36-6D5A-41F3-9F9E-6A7CFBAE554F}.Release|x86.ActiveCfg = Release|Any CPU
		{A5AC1D36-6D5A-41F3-9F9E-6A7CFBAE554F}.Release|x86.Build.0 = Release|Any CPU
		{F043CBB8-A557-4592-8946-0DC05CDB86CD}.Debug|Any CPU.ActiveCfg = Debug|Any CPU
		{F043CBB8-A557-4592-8946-0DC05CDB86CD}.Debug|Any CPU.Build.0 = Debug|Any CPU
		{F043CBB8-A557-4592-8946-0DC05CDB86CD}.Debug|Mixed Platforms.ActiveCfg = Debug|Any CPU
		{F043CBB8-A557-4592-8946-0DC05CDB86CD}.Debug|Mixed Platforms.Build.0 = Debug|Any CPU
		{F043CBB8-A557-4592-8946-0DC05CDB86CD}.Debug|x64.ActiveCfg = Debug|Any CPU
		{F043CBB8-A557-4592-8946-0DC05CDB86CD}.Debug|x64.Build.0 = Debug|Any CPU
		{F043CBB8-A557-4592-8946-0DC05CDB86CD}.Debug|x86.ActiveCfg = Debug|Any CPU
		{F043CBB8-A557-4592-8946-0DC05CDB86CD}.Debug|x86.Build.0 = Debug|Any CPU
		{F043CBB8-A557-4592-8946-0DC05CDB86CD}.Release|Any CPU.ActiveCfg = Release|Any CPU
		{F043CBB8-A557-4592-8946-0DC05CDB86CD}.Release|Any CPU.Build.0 = Release|Any CPU
		{F043CBB8-A557-4592-8946-0DC05CDB86CD}.Release|Mixed Platforms.ActiveCfg = Release|Any CPU
		{F043CBB8-A557-4592-8946-0DC05CDB86CD}.Release|Mixed Platforms.Build.0 = Release|Any CPU
		{F043CBB8-A557-4592-8946-0DC05CDB86CD}.Release|x64.ActiveCfg = Release|Any CPU
		{F043CBB8-A557-4592-8946-0DC05CDB86CD}.Release|x64.Build.0 = Release|Any CPU
		{F043CBB8-A557-4592-8946-0DC05CDB86CD}.Release|x86.ActiveCfg = Release|Any CPU
		{F043CBB8-A557-4592-8946-0DC05CDB86CD}.Release|x86.Build.0 = Release|Any CPU
	EndGlobalSection
	GlobalSection(SolutionProperties) = preSolution
		HideSolutionNode = FALSE
	EndGlobalSection
	GlobalSection(TestCaseManagementSettings) = postSolution
		CategoryFile = ccCoreDotnet.vsmdi
	EndGlobalSection
EndGlobal
