Microsoft Visual Studio Solution File, Format Version 12.00
# Visual Studio Version 16
VisualStudioVersion = 16.0.29613.14
MinimumVisualStudioVersion = 10.0.40219.1
Project("{2150E333-8FDC-42A3-9474-1A3956D46DE8}") = "Solution Items", "Solution Items", "{00272301-E2B1-4F5A-841E-A7718F0029ED}"
	ProjectSection(SolutionItems) = preProject
		.editorconfig = .editorconfig
		ccCoreDotnet.vsmdi = ccCoreDotnet.vsmdi
		DeadCode.ruleset = DeadCode.ruleset
		Local.testsettings = Local.testsettings
		TraceAndTestImpact.testsettings = TraceAndTestImpact.testsettings
	EndProjectSection
EndProject
Project("{FAE04EC0-301F-11D3-BF4B-00C04F79EFBC}") = "Processor", "Processor\Processor.csproj", "{46657D07-74BC-4DDC-8FDD-9078EB1A1CD2}"
EndProject
Project("{FAE04EC0-301F-11D3-BF4B-00C04F79EFBC}") = "ProcessorTests", "ProcessorTests\ProcessorTests.csproj", "{36E017D4-C4EB-4C0E-8E2B-1F97150B07D9}"
EndProject
Project("{FAE04EC0-301F-11D3-BF4B-00C04F79EFBC}") = "TestConsole", "TestConsole\TestConsole.csproj", "{80422019-13FC-41D1-A459-47AB3512EBC5}"
EndProject
Global
	GlobalSection(SolutionConfigurationPlatforms) = preSolution
		Debug|Any CPU = Debug|Any CPU
		Debug|Mixed Platforms = Debug|Mixed Platforms
		Debug|x64 = Debug|x64
		Debug|x86 = Debug|x86
		Debug-DevApp|Any CPU = Debug-DevApp|Any CPU
		Debug-DevApp|Mixed Platforms = Debug-DevApp|Mixed Platforms
		Debug-DevApp|x64 = Debug-DevApp|x64
		Debug-DevApp|x86 = Debug-DevApp|x86
		Debug-StagingDefaultApp|Any CPU = Debug-StagingDefaultApp|Any CPU
		Debug-StagingDefaultApp|Mixed Platforms = Debug-StagingDefaultApp|Mixed Platforms
		Debug-StagingDefaultApp|x64 = Debug-StagingDefaultApp|x64
		Debug-StagingDefaultApp|x86 = Debug-StagingDefaultApp|x86
		DevDefaultApp|Any CPU = DevDefaultApp|Any CPU
		DevDefaultApp|Mixed Platforms = DevDefaultApp|Mixed Platforms
		DevDefaultApp|x64 = DevDefaultApp|x64
		DevDefaultApp|x86 = DevDefaultApp|x86
		Release|Any CPU = Release|Any CPU
		Release|Mixed Platforms = Release|Mixed Platforms
		Release|x64 = Release|x64
		Release|x86 = Release|x86
		StagingDefaultApp|Any CPU = StagingDefaultApp|Any CPU
		StagingDefaultApp|Mixed Platforms = StagingDefaultApp|Mixed Platforms
		StagingDefaultApp|x64 = StagingDefaultApp|x64
		StagingDefaultApp|x86 = StagingDefaultApp|x86
	EndGlobalSection
	GlobalSection(ProjectConfigurationPlatforms) = postSolution
		{46657D07-74BC-4DDC-8FDD-9078EB1A1CD2}.Debug|Any CPU.ActiveCfg = Debug|Any CPU
		{46657D07-74BC-4DDC-8FDD-9078EB1A1CD2}.Debug|Any CPU.Build.0 = Debug|Any CPU
		{46657D07-74BC-4DDC-8FDD-9078EB1A1CD2}.Debug|Mixed Platforms.ActiveCfg = Debug|Any CPU
		{46657D07-74BC-4DDC-8FDD-9078EB1A1CD2}.Debug|Mixed Platforms.Build.0 = Debug|Any CPU
		{46657D07-74BC-4DDC-8FDD-9078EB1A1CD2}.Debug|x64.ActiveCfg = Debug|Any CPU
		{46657D07-74BC-4DDC-8FDD-9078EB1A1CD2}.Debug|x64.Build.0 = Debug|Any CPU
		{46657D07-74BC-4DDC-8FDD-9078EB1A1CD2}.Debug|x86.ActiveCfg = Debug|Any CPU
		{46657D07-74BC-4DDC-8FDD-9078EB1A1CD2}.Debug|x86.Build.0 = Debug|Any CPU
		{46657D07-74BC-4DDC-8FDD-9078EB1A1CD2}.Debug-DevApp|Any CPU.ActiveCfg = Debug|Any CPU
		{46657D07-74BC-4DDC-8FDD-9078EB1A1CD2}.Debug-DevApp|Any CPU.Build.0 = Debug|Any CPU
		{46657D07-74BC-4DDC-8FDD-9078EB1A1CD2}.Debug-DevApp|Mixed Platforms.ActiveCfg = Debug|Any CPU
		{46657D07-74BC-4DDC-8FDD-9078EB1A1CD2}.Debug-DevApp|Mixed Platforms.Build.0 = Debug|Any CPU
		{46657D07-74BC-4DDC-8FDD-9078EB1A1CD2}.Debug-DevApp|x64.ActiveCfg = Debug|Any CPU
		{46657D07-74BC-4DDC-8FDD-9078EB1A1CD2}.Debug-DevApp|x64.Build.0 = Debug|Any CPU
		{46657D07-74BC-4DDC-8FDD-9078EB1A1CD2}.Debug-DevApp|x86.ActiveCfg = Debug|Any CPU
		{46657D07-74BC-4DDC-8FDD-9078EB1A1CD2}.Debug-DevApp|x86.Build.0 = Debug|Any CPU
		{46657D07-74BC-4DDC-8FDD-9078EB1A1CD2}.Debug-StagingDefaultApp|Any CPU.ActiveCfg = Debug|Any CPU
		{46657D07-74BC-4DDC-8FDD-9078EB1A1CD2}.Debug-StagingDefaultApp|Any CPU.Build.0 = Debug|Any CPU
		{46657D07-74BC-4DDC-8FDD-9078EB1A1CD2}.Debug-StagingDefaultApp|Mixed Platforms.ActiveCfg = Debug|Any CPU
		{46657D07-74BC-4DDC-8FDD-9078EB1A1CD2}.Debug-StagingDefaultApp|Mixed Platforms.Build.0 = Debug|Any CPU
		{46657D07-74BC-4DDC-8FDD-9078EB1A1CD2}.Debug-StagingDefaultApp|x64.ActiveCfg = Debug|Any CPU
		{46657D07-74BC-4DDC-8FDD-9078EB1A1CD2}.Debug-StagingDefaultApp|x64.Build.0 = Debug|Any CPU
		{46657D07-74BC-4DDC-8FDD-9078EB1A1CD2}.Debug-StagingDefaultApp|x86.ActiveCfg = Debug|Any CPU
		{46657D07-74BC-4DDC-8FDD-9078EB1A1CD2}.Debug-StagingDefaultApp|x86.Build.0 = Debug|Any CPU
		{46657D07-74BC-4DDC-8FDD-9078EB1A1CD2}.DevDefaultApp|Any CPU.ActiveCfg = Debug|Any CPU
		{46657D07-74BC-4DDC-8FDD-9078EB1A1CD2}.DevDefaultApp|Any CPU.Build.0 = Debug|Any CPU
		{46657D07-74BC-4DDC-8FDD-9078EB1A1CD2}.DevDefaultApp|Mixed Platforms.ActiveCfg = Debug|Any CPU
		{46657D07-74BC-4DDC-8FDD-9078EB1A1CD2}.DevDefaultApp|Mixed Platforms.Build.0 = Debug|Any CPU
		{46657D07-74BC-4DDC-8FDD-9078EB1A1CD2}.DevDefaultApp|x64.ActiveCfg = Debug|Any CPU
		{46657D07-74BC-4DDC-8FDD-9078EB1A1CD2}.DevDefaultApp|x64.Build.0 = Debug|Any CPU
		{46657D07-74BC-4DDC-8FDD-9078EB1A1CD2}.DevDefaultApp|x86.ActiveCfg = Debug|Any CPU
		{46657D07-74BC-4DDC-8FDD-9078EB1A1CD2}.DevDefaultApp|x86.Build.0 = Debug|Any CPU
		{46657D07-74BC-4DDC-8FDD-9078EB1A1CD2}.Release|Any CPU.ActiveCfg = Release|Any CPU
		{46657D07-74BC-4DDC-8FDD-9078EB1A1CD2}.Release|Any CPU.Build.0 = Release|Any CPU
		{46657D07-74BC-4DDC-8FDD-9078EB1A1CD2}.Release|Mixed Platforms.ActiveCfg = Release|Any CPU
		{46657D07-74BC-4DDC-8FDD-9078EB1A1CD2}.Release|Mixed Platforms.Build.0 = Release|Any CPU
		{46657D07-74BC-4DDC-8FDD-9078EB1A1CD2}.Release|x64.ActiveCfg = Release|Any CPU
		{46657D07-74BC-4DDC-8FDD-9078EB1A1CD2}.Release|x64.Build.0 = Release|Any CPU
		{46657D07-74BC-4DDC-8FDD-9078EB1A1CD2}.Release|x86.ActiveCfg = Release|Any CPU
		{46657D07-74BC-4DDC-8FDD-9078EB1A1CD2}.Release|x86.Build.0 = Release|Any CPU
		{46657D07-74BC-4DDC-8FDD-9078EB1A1CD2}.StagingDefaultApp|Any CPU.ActiveCfg = Release|Any CPU
		{46657D07-74BC-4DDC-8FDD-9078EB1A1CD2}.StagingDefaultApp|Any CPU.Build.0 = Release|Any CPU
		{46657D07-74BC-4DDC-8FDD-9078EB1A1CD2}.StagingDefaultApp|Mixed Platforms.ActiveCfg = Release|Any CPU
		{46657D07-74BC-4DDC-8FDD-9078EB1A1CD2}.StagingDefaultApp|Mixed Platforms.Build.0 = Release|Any CPU
		{46657D07-74BC-4DDC-8FDD-9078EB1A1CD2}.StagingDefaultApp|x64.ActiveCfg = Release|Any CPU
		{46657D07-74BC-4DDC-8FDD-9078EB1A1CD2}.StagingDefaultApp|x64.Build.0 = Release|Any CPU
		{46657D07-74BC-4DDC-8FDD-9078EB1A1CD2}.StagingDefaultApp|x86.ActiveCfg = Release|Any CPU
		{46657D07-74BC-4DDC-8FDD-9078EB1A1CD2}.StagingDefaultApp|x86.Build.0 = Release|Any CPU
		{36E017D4-C4EB-4C0E-8E2B-1F97150B07D9}.Debug|Any CPU.ActiveCfg = Debug|Any CPU
		{36E017D4-C4EB-4C0E-8E2B-1F97150B07D9}.Debug|Any CPU.Build.0 = Debug|Any CPU
		{36E017D4-C4EB-4C0E-8E2B-1F97150B07D9}.Debug|Mixed Platforms.ActiveCfg = Debug|Any CPU
		{36E017D4-C4EB-4C0E-8E2B-1F97150B07D9}.Debug|Mixed Platforms.Build.0 = Debug|Any CPU
		{36E017D4-C4EB-4C0E-8E2B-1F97150B07D9}.Debug|x64.ActiveCfg = Debug|Any CPU
		{36E017D4-C4EB-4C0E-8E2B-1F97150B07D9}.Debug|x64.Build.0 = Debug|Any CPU
		{36E017D4-C4EB-4C0E-8E2B-1F97150B07D9}.Debug|x86.ActiveCfg = Debug|Any CPU
		{36E017D4-C4EB-4C0E-8E2B-1F97150B07D9}.Debug|x86.Build.0 = Debug|Any CPU
		{36E017D4-C4EB-4C0E-8E2B-1F97150B07D9}.Debug-DevApp|Any CPU.ActiveCfg = Debug|Any CPU
		{36E017D4-C4EB-4C0E-8E2B-1F97150B07D9}.Debug-DevApp|Any CPU.Build.0 = Debug|Any CPU
		{36E017D4-C4EB-4C0E-8E2B-1F97150B07D9}.Debug-DevApp|Mixed Platforms.ActiveCfg = Debug|Any CPU
		{36E017D4-C4EB-4C0E-8E2B-1F97150B07D9}.Debug-DevApp|Mixed Platforms.Build.0 = Debug|Any CPU
		{36E017D4-C4EB-4C0E-8E2B-1F97150B07D9}.Debug-DevApp|x64.ActiveCfg = Debug|Any CPU
		{36E017D4-C4EB-4C0E-8E2B-1F97150B07D9}.Debug-DevApp|x64.Build.0 = Debug|Any CPU
		{36E017D4-C4EB-4C0E-8E2B-1F97150B07D9}.Debug-DevApp|x86.ActiveCfg = Debug|Any CPU
		{36E017D4-C4EB-4C0E-8E2B-1F97150B07D9}.Debug-DevApp|x86.Build.0 = Debug|Any CPU
		{36E017D4-C4EB-4C0E-8E2B-1F97150B07D9}.Debug-StagingDefaultApp|Any CPU.ActiveCfg = Debug|Any CPU
		{36E017D4-C4EB-4C0E-8E2B-1F97150B07D9}.Debug-StagingDefaultApp|Any CPU.Build.0 = Debug|Any CPU
		{36E017D4-C4EB-4C0E-8E2B-1F97150B07D9}.Debug-StagingDefaultApp|Mixed Platforms.ActiveCfg = Debug|Any CPU
		{36E017D4-C4EB-4C0E-8E2B-1F97150B07D9}.Debug-StagingDefaultApp|Mixed Platforms.Build.0 = Debug|Any CPU
		{36E017D4-C4EB-4C0E-8E2B-1F97150B07D9}.Debug-StagingDefaultApp|x64.ActiveCfg = Debug|Any CPU
		{36E017D4-C4EB-4C0E-8E2B-1F97150B07D9}.Debug-StagingDefaultApp|x64.Build.0 = Debug|Any CPU
		{36E017D4-C4EB-4C0E-8E2B-1F97150B07D9}.Debug-StagingDefaultApp|x86.ActiveCfg = Debug|Any CPU
		{36E017D4-C4EB-4C0E-8E2B-1F97150B07D9}.Debug-StagingDefaultApp|x86.Build.0 = Debug|Any CPU
		{36E017D4-C4EB-4C0E-8E2B-1F97150B07D9}.DevDefaultApp|Any CPU.ActiveCfg = Debug|Any CPU
		{36E017D4-C4EB-4C0E-8E2B-1F97150B07D9}.DevDefaultApp|Any CPU.Build.0 = Debug|Any CPU
		{36E017D4-C4EB-4C0E-8E2B-1F97150B07D9}.DevDefaultApp|Mixed Platforms.ActiveCfg = Debug|Any CPU
		{36E017D4-C4EB-4C0E-8E2B-1F97150B07D9}.DevDefaultApp|Mixed Platforms.Build.0 = Debug|Any CPU
		{36E017D4-C4EB-4C0E-8E2B-1F97150B07D9}.DevDefaultApp|x64.ActiveCfg = Debug|Any CPU
		{36E017D4-C4EB-4C0E-8E2B-1F97150B07D9}.DevDefaultApp|x64.Build.0 = Debug|Any CPU
		{36E017D4-C4EB-4C0E-8E2B-1F97150B07D9}.DevDefaultApp|x86.ActiveCfg = Debug|Any CPU
		{36E017D4-C4EB-4C0E-8E2B-1F97150B07D9}.DevDefaultApp|x86.Build.0 = Debug|Any CPU
		{36E017D4-C4EB-4C0E-8E2B-1F97150B07D9}.Release|Any CPU.ActiveCfg = Release|Any CPU
		{36E017D4-C4EB-4C0E-8E2B-1F97150B07D9}.Release|Any CPU.Build.0 = Release|Any CPU
		{36E017D4-C4EB-4C0E-8E2B-1F97150B07D9}.Release|Mixed Platforms.ActiveCfg = Release|Any CPU
		{36E017D4-C4EB-4C0E-8E2B-1F97150B07D9}.Release|Mixed Platforms.Build.0 = Release|Any CPU
		{36E017D4-C4EB-4C0E-8E2B-1F97150B07D9}.Release|x64.ActiveCfg = Release|Any CPU
		{36E017D4-C4EB-4C0E-8E2B-1F97150B07D9}.Release|x64.Build.0 = Release|Any CPU
		{36E017D4-C4EB-4C0E-8E2B-1F97150B07D9}.Release|x86.ActiveCfg = Release|Any CPU
		{36E017D4-C4EB-4C0E-8E2B-1F97150B07D9}.Release|x86.Build.0 = Release|Any CPU
		{36E017D4-C4EB-4C0E-8E2B-1F97150B07D9}.StagingDefaultApp|Any CPU.ActiveCfg = Release|Any CPU
		{36E017D4-C4EB-4C0E-8E2B-1F97150B07D9}.StagingDefaultApp|Any CPU.Build.0 = Release|Any CPU
		{36E017D4-C4EB-4C0E-8E2B-1F97150B07D9}.StagingDefaultApp|Mixed Platforms.ActiveCfg = Release|Any CPU
		{36E017D4-C4EB-4C0E-8E2B-1F97150B07D9}.StagingDefaultApp|Mixed Platforms.Build.0 = Release|Any CPU
		{36E017D4-C4EB-4C0E-8E2B-1F97150B07D9}.StagingDefaultApp|x64.ActiveCfg = Release|Any CPU
		{36E017D4-C4EB-4C0E-8E2B-1F97150B07D9}.StagingDefaultApp|x64.Build.0 = Release|Any CPU
		{36E017D4-C4EB-4C0E-8E2B-1F97150B07D9}.StagingDefaultApp|x86.ActiveCfg = Release|Any CPU
		{36E017D4-C4EB-4C0E-8E2B-1F97150B07D9}.StagingDefaultApp|x86.Build.0 = Release|Any CPU
		{80422019-13FC-41D1-A459-47AB3512EBC5}.Debug|Any CPU.ActiveCfg = Debug|Any CPU
		{80422019-13FC-41D1-A459-47AB3512EBC5}.Debug|Any CPU.Build.0 = Debug|Any CPU
		{80422019-13FC-41D1-A459-47AB3512EBC5}.Debug|Mixed Platforms.ActiveCfg = Debug|Any CPU
		{80422019-13FC-41D1-A459-47AB3512EBC5}.Debug|Mixed Platforms.Build.0 = Debug|Any CPU
		{80422019-13FC-41D1-A459-47AB3512EBC5}.Debug|x64.ActiveCfg = Debug|Any CPU
		{80422019-13FC-41D1-A459-47AB3512EBC5}.Debug|x64.Build.0 = Debug|Any CPU
		{80422019-13FC-41D1-A459-47AB3512EBC5}.Debug|x86.ActiveCfg = Debug|Any CPU
		{80422019-13FC-41D1-A459-47AB3512EBC5}.Debug|x86.Build.0 = Debug|Any CPU
		{80422019-13FC-41D1-A459-47AB3512EBC5}.Debug-DevApp|Any CPU.ActiveCfg = Debug|Any CPU
		{80422019-13FC-41D1-A459-47AB3512EBC5}.Debug-DevApp|Any CPU.Build.0 = Debug|Any CPU
		{80422019-13FC-41D1-A459-47AB3512EBC5}.Debug-DevApp|Mixed Platforms.ActiveCfg = Debug|Any CPU
		{80422019-13FC-41D1-A459-47AB3512EBC5}.Debug-DevApp|Mixed Platforms.Build.0 = Debug|Any CPU
		{80422019-13FC-41D1-A459-47AB3512EBC5}.Debug-DevApp|x64.ActiveCfg = Debug|Any CPU
		{80422019-13FC-41D1-A459-47AB3512EBC5}.Debug-DevApp|x64.Build.0 = Debug|Any CPU
		{80422019-13FC-41D1-A459-47AB3512EBC5}.Debug-DevApp|x86.ActiveCfg = Debug|Any CPU
		{80422019-13FC-41D1-A459-47AB3512EBC5}.Debug-DevApp|x86.Build.0 = Debug|Any CPU
		{80422019-13FC-41D1-A459-47AB3512EBC5}.Debug-StagingDefaultApp|Any CPU.ActiveCfg = Debug|Any CPU
		{80422019-13FC-41D1-A459-47AB3512EBC5}.Debug-StagingDefaultApp|Any CPU.Build.0 = Debug|Any CPU
		{80422019-13FC-41D1-A459-47AB3512EBC5}.Debug-StagingDefaultApp|Mixed Platforms.ActiveCfg = Debug|Any CPU
		{80422019-13FC-41D1-A459-47AB3512EBC5}.Debug-StagingDefaultApp|Mixed Platforms.Build.0 = Debug|Any CPU
		{80422019-13FC-41D1-A459-47AB3512EBC5}.Debug-StagingDefaultApp|x64.ActiveCfg = Debug|Any CPU
		{80422019-13FC-41D1-A459-47AB3512EBC5}.Debug-StagingDefaultApp|x64.Build.0 = Debug|Any CPU
		{80422019-13FC-41D1-A459-47AB3512EBC5}.Debug-StagingDefaultApp|x86.ActiveCfg = Debug|Any CPU
		{80422019-13FC-41D1-A459-47AB3512EBC5}.Debug-StagingDefaultApp|x86.Build.0 = Debug|Any CPU
		{80422019-13FC-41D1-A459-47AB3512EBC5}.DevDefaultApp|Any CPU.ActiveCfg = Debug|Any CPU
		{80422019-13FC-41D1-A459-47AB3512EBC5}.DevDefaultApp|Any CPU.Build.0 = Debug|Any CPU
		{80422019-13FC-41D1-A459-47AB3512EBC5}.DevDefaultApp|Mixed Platforms.ActiveCfg = Debug|Any CPU
		{80422019-13FC-41D1-A459-47AB3512EBC5}.DevDefaultApp|Mixed Platforms.Build.0 = Debug|Any CPU
		{80422019-13FC-41D1-A459-47AB3512EBC5}.DevDefaultApp|x64.ActiveCfg = Debug|Any CPU
		{80422019-13FC-41D1-A459-47AB3512EBC5}.DevDefaultApp|x64.Build.0 = Debug|Any CPU
		{80422019-13FC-41D1-A459-47AB3512EBC5}.DevDefaultApp|x86.ActiveCfg = Debug|Any CPU
		{80422019-13FC-41D1-A459-47AB3512EBC5}.DevDefaultApp|x86.Build.0 = Debug|Any CPU
		{80422019-13FC-41D1-A459-47AB3512EBC5}.Release|Any CPU.ActiveCfg = Release|Any CPU
		{80422019-13FC-41D1-A459-47AB3512EBC5}.Release|Any CPU.Build.0 = Release|Any CPU
		{80422019-13FC-41D1-A459-47AB3512EBC5}.Release|Mixed Platforms.ActiveCfg = Release|Any CPU
		{80422019-13FC-41D1-A459-47AB3512EBC5}.Release|Mixed Platforms.Build.0 = Release|Any CPU
		{80422019-13FC-41D1-A459-47AB3512EBC5}.Release|x64.ActiveCfg = Release|Any CPU
		{80422019-13FC-41D1-A459-47AB3512EBC5}.Release|x64.Build.0 = Release|Any CPU
		{80422019-13FC-41D1-A459-47AB3512EBC5}.Release|x86.ActiveCfg = Release|Any CPU
		{80422019-13FC-41D1-A459-47AB3512EBC5}.Release|x86.Build.0 = Release|Any CPU
		{80422019-13FC-41D1-A459-47AB3512EBC5}.StagingDefaultApp|Any CPU.ActiveCfg = Release|Any CPU
		{80422019-13FC-41D1-A459-47AB3512EBC5}.StagingDefaultApp|Any CPU.Build.0 = Release|Any CPU
		{80422019-13FC-41D1-A459-47AB3512EBC5}.StagingDefaultApp|Mixed Platforms.ActiveCfg = Release|Any CPU
		{80422019-13FC-41D1-A459-47AB3512EBC5}.StagingDefaultApp|Mixed Platforms.Build.0 = Release|Any CPU
		{80422019-13FC-41D1-A459-47AB3512EBC5}.StagingDefaultApp|x64.ActiveCfg = Release|Any CPU
		{80422019-13FC-41D1-A459-47AB3512EBC5}.StagingDefaultApp|x64.Build.0 = Release|Any CPU
		{80422019-13FC-41D1-A459-47AB3512EBC5}.StagingDefaultApp|x86.ActiveCfg = Release|Any CPU
		{80422019-13FC-41D1-A459-47AB3512EBC5}.StagingDefaultApp|x86.Build.0 = Release|Any CPU
	EndGlobalSection
	GlobalSection(SolutionProperties) = preSolution
		HideSolutionNode = FALSE
	EndGlobalSection
	GlobalSection(ExtensibilityGlobals) = postSolution
		SolutionGuid = {CFDBC334-7DCF-4555-A1D9-B45FE0E7DEA6}
	EndGlobalSection
	GlobalSection(TestCaseManagementSettings) = postSolution
		CategoryFile = ccCoreDotnet.vsmdi
	EndGlobalSection
EndGlobal
